// !$*UTF8*$!
{
	archiveVersion = 1;
	classes = {
	};
	objectVersion = 55;
	objects = {

/* Begin PBXBuildFile section */
		552728B415D9DF3C9A89CF50 /* Pods_JhSwiftDemo.framework in Frameworks */ = {isa = PBXBuildFile; fileRef = 1B9B3A10E7C0F564714220A9 /* Pods_JhSwiftDemo.framework */; };
		ED1A074C277C119300A7A22F /* LoginViewController.swift in Sources */ = {isa = PBXBuildFile; fileRef = ED1A074B277C119300A7A22F /* LoginViewController.swift */; };
		ED1A074E277C11B700A7A22F /* NewfeatureViewController.swift in Sources */ = {isa = PBXBuildFile; fileRef = ED1A074D277C11B700A7A22F /* NewfeatureViewController.swift */; };
		ED1A0750277C11F300A7A22F /* JhCommonTool.swift in Sources */ = {isa = PBXBuildFile; fileRef = ED1A074F277C11F300A7A22F /* JhCommonTool.swift */; };
		ED1A0752277C121E00A7A22F /* JhCheckTool.swift in Sources */ = {isa = PBXBuildFile; fileRef = ED1A0751277C121E00A7A22F /* JhCheckTool.swift */; };
		ED1A0754277C140200A7A22F /* JhNavigationView.swift in Sources */ = {isa = PBXBuildFile; fileRef = ED1A0753277C140200A7A22F /* JhNavigationView.swift */; };
		ED1A0756277C143800A7A22F /* NSString+JhExtension.swift in Sources */ = {isa = PBXBuildFile; fileRef = ED1A0755277C143800A7A22F /* NSString+JhExtension.swift */; };
		ED1A0758277C2D6200A7A22F /* UIColor+JhExtension.swift in Sources */ = {isa = PBXBuildFile; fileRef = ED1A0757277C2D6200A7A22F /* UIColor+JhExtension.swift */; };
		ED1A075B277C36FC00A7A22F /* UIColor+JhExtension.m in Sources */ = {isa = PBXBuildFile; fileRef = ED1A075A277C36FC00A7A22F /* UIColor+JhExtension.m */; };
		ED1A0765277C596700A7A22F /* YYWeakProxy.m in Sources */ = {isa = PBXBuildFile; fileRef = ED1A0761277C596700A7A22F /* YYWeakProxy.m */; };
		ED1A0766277C596700A7A22F /* YYFPSLabel.m in Sources */ = {isa = PBXBuildFile; fileRef = ED1A0763277C596700A7A22F /* YYFPSLabel.m */; };
		ED1B8095277AE9E300E59A59 /* UIView+JhExtension.m in Sources */ = {isa = PBXBuildFile; fileRef = ED1B8094277AE9E300E59A59 /* UIView+JhExtension.m */; };
		ED1B8097277AF20F00E59A59 /* UIBarButtonItem+JhExtension.swift in Sources */ = {isa = PBXBuildFile; fileRef = ED1B8096277AF20F00E59A59 /* UIBarButtonItem+JhExtension.swift */; };
		ED1B809A277B11FC00E59A59 /* UIImage+JhExtension.m in Sources */ = {isa = PBXBuildFile; fileRef = ED1B8099277B11FC00E59A59 /* UIImage+JhExtension.m */; };
		ED1DE0F727E0734800C6638C /* DemoSnapKitVC2.swift in Sources */ = {isa = PBXBuildFile; fileRef = ED1DE0F627E0734800C6638C /* DemoSnapKitVC2.swift */; };
		ED1DE0FB27E1851D00C6638C /* ConstraintArrayDSL.swift in Sources */ = {isa = PBXBuildFile; fileRef = ED1DE0F927E1851D00C6638C /* ConstraintArrayDSL.swift */; };
		ED1DE0FC27E1851D00C6638C /* ConstraintArray+Extensions.swift in Sources */ = {isa = PBXBuildFile; fileRef = ED1DE0FA27E1851D00C6638C /* ConstraintArray+Extensions.swift */; };
		ED208FC327B1095B003EBA4B /* DemoCustomTableVC3.swift in Sources */ = {isa = PBXBuildFile; fileRef = ED208FC227B1095B003EBA4B /* DemoCustomTableVC3.swift */; };
		ED2625D327EABBF100D54AF3 /* AlertDemoListVC.swift in Sources */ = {isa = PBXBuildFile; fileRef = ED2625D227EABBF100D54AF3 /* AlertDemoListVC.swift */; };
		ED2625D527EABC7D00D54AF3 /* DemoAlertVC1.swift in Sources */ = {isa = PBXBuildFile; fileRef = ED2625D427EABC7D00D54AF3 /* DemoAlertVC1.swift */; };
		ED2625D927EAC0C600D54AF3 /* JhAlertTool.swift in Sources */ = {isa = PBXBuildFile; fileRef = ED2625D827EAC0C600D54AF3 /* JhAlertTool.swift */; };
		ED2D511B27B4B36F00DF4DFC /* MoyaConfig.swift in Sources */ = {isa = PBXBuildFile; fileRef = ED2D511927B4B36F00DF4DFC /* MoyaConfig.swift */; };
		ED2D511E27B4B39A00DF4DFC /* MBProgressHUD+Jh.swift in Sources */ = {isa = PBXBuildFile; fileRef = ED2D511D27B4B39A00DF4DFC /* MBProgressHUD+Jh.swift */; };
		ED2D512027B4B4B000DF4DFC /* SaveFiles.swift in Sources */ = {isa = PBXBuildFile; fileRef = ED2D511F27B4B4B000DF4DFC /* SaveFiles.swift */; };
		ED2D512227B4B63200DF4DFC /* JhRequet.swift in Sources */ = {isa = PBXBuildFile; fileRef = ED2D512127B4B63200DF4DFC /* JhRequet.swift */; };
		ED2D512627B4B9DF00DF4DFC /* JhHttpTool.swift in Sources */ = {isa = PBXBuildFile; fileRef = ED2D512527B4B9DF00DF4DFC /* JhHttpTool.swift */; };
		ED2D512927B4DD1200DF4DFC /* NetworkDemoListVC.swift in Sources */ = {isa = PBXBuildFile; fileRef = ED2D512827B4DD1200DF4DFC /* NetworkDemoListVC.swift */; };
		ED2D513127B4ED5B00DF4DFC /* NetworkManager.swift in Sources */ = {isa = PBXBuildFile; fileRef = ED2D512F27B4ED5B00DF4DFC /* NetworkManager.swift */; };
		ED2D513227B4ED5B00DF4DFC /* WebAPI.swift in Sources */ = {isa = PBXBuildFile; fileRef = ED2D513027B4ED5B00DF4DFC /* WebAPI.swift */; };
		ED2D513A27B60AD800DF4DFC /* NetworkDemo1.swift in Sources */ = {isa = PBXBuildFile; fileRef = ED2D513927B60AD800DF4DFC /* NetworkDemo1.swift */; };
		ED2D513E27B650F200DF4DFC /* netNote.md in Resources */ = {isa = PBXBuildFile; fileRef = ED2D513D27B650F200DF4DFC /* netNote.md */; };
		ED3B234A277960F8009F6ED8 /* AppDelegate.swift in Sources */ = {isa = PBXBuildFile; fileRef = ED3B2349277960F8009F6ED8 /* AppDelegate.swift */; };
		ED3B2353277960FD009F6ED8 /* Assets.xcassets in Resources */ = {isa = PBXBuildFile; fileRef = ED3B2352277960FD009F6ED8 /* Assets.xcassets */; };
		ED3B2361277960FD009F6ED8 /* JhSwiftDemoTests.swift in Sources */ = {isa = PBXBuildFile; fileRef = ED3B2360277960FD009F6ED8 /* JhSwiftDemoTests.swift */; };
		ED3B236B277960FD009F6ED8 /* JhSwiftDemoUITests.swift in Sources */ = {isa = PBXBuildFile; fileRef = ED3B236A277960FD009F6ED8 /* JhSwiftDemoUITests.swift */; };
		ED3B236D277960FD009F6ED8 /* JhSwiftDemoUITestsLaunchTests.swift in Sources */ = {isa = PBXBuildFile; fileRef = ED3B236C277960FD009F6ED8 /* JhSwiftDemoUITestsLaunchTests.swift */; };
		ED3B237A277965D9009F6ED8 /* test.swift in Sources */ = {isa = PBXBuildFile; fileRef = ED3B2379277965D9009F6ED8 /* test.swift */; };
		ED3B23BD27798D79009F6ED8 /* OneViewController.swift in Sources */ = {isa = PBXBuildFile; fileRef = ED3B23BC27798D79009F6ED8 /* OneViewController.swift */; };
		ED3B23BF27798D86009F6ED8 /* TwoViewController.swift in Sources */ = {isa = PBXBuildFile; fileRef = ED3B23BE27798D86009F6ED8 /* TwoViewController.swift */; };
		ED3B23C127798D8F009F6ED8 /* ThreeViewController.swift in Sources */ = {isa = PBXBuildFile; fileRef = ED3B23C027798D8F009F6ED8 /* ThreeViewController.swift */; };
		ED3B23C327798D96009F6ED8 /* FourViewController.swift in Sources */ = {isa = PBXBuildFile; fileRef = ED3B23C227798D96009F6ED8 /* FourViewController.swift */; };
		ED3B23C627798E18009F6ED8 /* SystemUIViewController.swift in Sources */ = {isa = PBXBuildFile; fileRef = ED3B23C527798E18009F6ED8 /* SystemUIViewController.swift */; };
		ED3FFBD027BBB17400D44614 /* DemoCustomTableVC4.swift in Sources */ = {isa = PBXBuildFile; fileRef = ED3FFBCF27BBB17400D44614 /* DemoCustomTableVC4.swift */; };
		ED3FFBD227BCC47B00D44614 /* DemoCustomModel2.swift in Sources */ = {isa = PBXBuildFile; fileRef = ED3FFBD127BCC47B00D44614 /* DemoCustomModel2.swift */; };
		ED66E90527799795004A33ED /* LaunchImage_6.png in Resources */ = {isa = PBXBuildFile; fileRef = ED66E90427799795004A33ED /* LaunchImage_6.png */; };
		ED66E907277998DD004A33ED /* Launch Screen.storyboard in Resources */ = {isa = PBXBuildFile; fileRef = ED66E906277998DD004A33ED /* Launch Screen.storyboard */; };
		ED66E9092779A8CA004A33ED /* JhBaseTabBarController.swift in Sources */ = {isa = PBXBuildFile; fileRef = ED66E9082779A8CA004A33ED /* JhBaseTabBarController.swift */; };
		ED66E90C2779A986004A33ED /* JhBaseNavigationController.swift in Sources */ = {isa = PBXBuildFile; fileRef = ED66E90B2779A986004A33ED /* JhBaseNavigationController.swift */; };
		ED66E90F2779B9D3004A33ED /* JhConst.swift in Sources */ = {isa = PBXBuildFile; fileRef = ED66E90E2779B9D3004A33ED /* JhConst.swift */; };
		ED66E9112779BBBD004A33ED /* JhConfigFrameMacro.swift in Sources */ = {isa = PBXBuildFile; fileRef = ED66E9102779BBBD004A33ED /* JhConfigFrameMacro.swift */; };
		ED66E9132779BBD1004A33ED /* JhConfigFontColorMacro.swift in Sources */ = {isa = PBXBuildFile; fileRef = ED66E9122779BBD1004A33ED /* JhConfigFontColorMacro.swift */; };
		ED66E91B277AAC26004A33ED /* JhBaseViewController.swift in Sources */ = {isa = PBXBuildFile; fileRef = ED66E91A277AAC26004A33ED /* JhBaseViewController.swift */; };
		ED66E931277AB390004A33ED /* APIManager.swift in Sources */ = {isa = PBXBuildFile; fileRef = ED66E930277AB390004A33ED /* APIManager.swift */; };
		ED66E935277AB430004A33ED /* UserDataManager.swift in Sources */ = {isa = PBXBuildFile; fileRef = ED66E934277AB430004A33ED /* UserDataManager.swift */; };
		ED6747F027E029FF00CE1715 /* LibDemoListVC.swift in Sources */ = {isa = PBXBuildFile; fileRef = ED6747EF27E029FF00CE1715 /* LibDemoListVC.swift */; };
		ED6747F227E02A8D00CE1715 /* SnapKitDemoListVC.swift in Sources */ = {isa = PBXBuildFile; fileRef = ED6747F127E02A8D00CE1715 /* SnapKitDemoListVC.swift */; };
		ED6747F427E02B2A00CE1715 /* DemoSnapKitVC1.swift in Sources */ = {isa = PBXBuildFile; fileRef = ED6747F327E02B2A00CE1715 /* DemoSnapKitVC1.swift */; };
		ED95CC8B27EC467200E4B798 /* JhReachabilityTool.swift in Sources */ = {isa = PBXBuildFile; fileRef = ED95CC8A27EC467200E4B798 /* JhReachabilityTool.swift */; };
		ED95CC8F27EC668300E4B798 /* UIColor+JhDarkColor.swift in Sources */ = {isa = PBXBuildFile; fileRef = ED95CC8E27EC668300E4B798 /* UIColor+JhDarkColor.swift */; };
		ED9F6CF62788255200E90B06 /* JhBaseCollectionView.swift in Sources */ = {isa = PBXBuildFile; fileRef = ED9F6CF52788255200E90B06 /* JhBaseCollectionView.swift */; };
		ED9F6CF82788257000E90B06 /* JhBaseCollectionViewController.swift in Sources */ = {isa = PBXBuildFile; fileRef = ED9F6CF72788257000E90B06 /* JhBaseCollectionViewController.swift */; };
		ED9F6CFA278825A200E90B06 /* JhBaseTableView.swift in Sources */ = {isa = PBXBuildFile; fileRef = ED9F6CF9278825A200E90B06 /* JhBaseTableView.swift */; };
		ED9F6CFD2788262200E90B06 /* JhBaseWebViewController.swift in Sources */ = {isa = PBXBuildFile; fileRef = ED9F6CFC2788262200E90B06 /* JhBaseWebViewController.swift */; };
		ED9F6CFF278826B400E90B06 /* JhBaseTableViewCell.swift in Sources */ = {isa = PBXBuildFile; fileRef = ED9F6CFE278826B400E90B06 /* JhBaseTableViewCell.swift */; };
		ED9F6D032788275100E90B06 /* JhBaseCollectionViewCell.swift in Sources */ = {isa = PBXBuildFile; fileRef = ED9F6D022788275100E90B06 /* JhBaseCollectionViewCell.swift */; };
		ED9F6D05278840F800E90B06 /* DemoCollectionVC2.swift in Sources */ = {isa = PBXBuildFile; fileRef = ED9F6D04278840F800E90B06 /* DemoCollectionVC2.swift */; };
		EDA13A1527B1FBA000500C43 /* AppIcon-iPad-76.png in Resources */ = {isa = PBXBuildFile; fileRef = EDA13A0227B1FBA000500C43 /* AppIcon-iPad-76.png */; };
		EDA13A1627B1FBA000500C43 /* AppIcon-iPad-20@2x.png in Resources */ = {isa = PBXBuildFile; fileRef = EDA13A0327B1FBA000500C43 /* AppIcon-iPad-20@2x.png */; };
		EDA13A1727B1FBA000500C43 /* AppIcon-iPad-83.5@2x.png in Resources */ = {isa = PBXBuildFile; fileRef = EDA13A0427B1FBA000500C43 /* AppIcon-iPad-83.5@2x.png */; };
		EDA13A1827B1FBA000500C43 /* AppIcon-iPhone-20@2x.png in Resources */ = {isa = PBXBuildFile; fileRef = EDA13A0527B1FBA000500C43 /* AppIcon-iPhone-20@2x.png */; };
		EDA13A1927B1FBA000500C43 /* AppIcon-iPhone-20@3x.png in Resources */ = {isa = PBXBuildFile; fileRef = EDA13A0627B1FBA000500C43 /* AppIcon-iPhone-20@3x.png */; };
		EDA13A1A27B1FBA000500C43 /* AppIcon-iPad-29.png in Resources */ = {isa = PBXBuildFile; fileRef = EDA13A0727B1FBA000500C43 /* AppIcon-iPad-29.png */; };
		EDA13A1B27B1FBA000500C43 /* AppIcon-iPhone-60@2x.png in Resources */ = {isa = PBXBuildFile; fileRef = EDA13A0827B1FBA000500C43 /* AppIcon-iPhone-60@2x.png */; };
		EDA13A1C27B1FBA000500C43 /* AppIcon-iPhone-29@3x.png in Resources */ = {isa = PBXBuildFile; fileRef = EDA13A0927B1FBA000500C43 /* AppIcon-iPhone-29@3x.png */; };
		EDA13A1D27B1FBA000500C43 /* AppIcon-iPad-20.png in Resources */ = {isa = PBXBuildFile; fileRef = EDA13A0A27B1FBA000500C43 /* AppIcon-iPad-20.png */; };
		EDA13A1E27B1FBA000500C43 /* AppIcon-iPhone-29@2x.png in Resources */ = {isa = PBXBuildFile; fileRef = EDA13A0B27B1FBA000500C43 /* AppIcon-iPhone-29@2x.png */; };
		EDA13A1F27B1FBA000500C43 /* AppIcon-iPhone-60@3x.png in Resources */ = {isa = PBXBuildFile; fileRef = EDA13A0C27B1FBA000500C43 /* AppIcon-iPhone-60@3x.png */; };
		EDA13A2027B1FBA000500C43 /* AppIcon-iPad-29@2x.png in Resources */ = {isa = PBXBuildFile; fileRef = EDA13A0D27B1FBA000500C43 /* AppIcon-iPad-29@2x.png */; };
		EDA13A2127B1FBA000500C43 /* AppIcon-iPhone-40@3x.png in Resources */ = {isa = PBXBuildFile; fileRef = EDA13A0E27B1FBA000500C43 /* AppIcon-iPhone-40@3x.png */; };
		EDA13A2227B1FBA000500C43 /* AppIcon-iPhone-29.png in Resources */ = {isa = PBXBuildFile; fileRef = EDA13A0F27B1FBA000500C43 /* AppIcon-iPhone-29.png */; };
		EDA13A2327B1FBA000500C43 /* AppIcon-iPad-76@2x.png in Resources */ = {isa = PBXBuildFile; fileRef = EDA13A1027B1FBA000500C43 /* AppIcon-iPad-76@2x.png */; };
		EDA13A2427B1FBA000500C43 /* AppIcon-iPad-40@2x.png in Resources */ = {isa = PBXBuildFile; fileRef = EDA13A1127B1FBA000500C43 /* AppIcon-iPad-40@2x.png */; };
		EDA13A2527B1FBA000500C43 /* AppIcon-AppStore-1024.png in Resources */ = {isa = PBXBuildFile; fileRef = EDA13A1227B1FBA000500C43 /* AppIcon-AppStore-1024.png */; };
		EDA13A2627B1FBA000500C43 /* AppIcon-iPhone-40@2x.png in Resources */ = {isa = PBXBuildFile; fileRef = EDA13A1327B1FBA000500C43 /* AppIcon-iPhone-40@2x.png */; };
		EDA13A2727B1FBA000500C43 /* AppIcon-iPad-40.png in Resources */ = {isa = PBXBuildFile; fileRef = EDA13A1427B1FBA000500C43 /* AppIcon-iPad-40.png */; };
		EDA13A2D27B207F200500C43 /* JhProgressHUD.m in Sources */ = {isa = PBXBuildFile; fileRef = EDA13A2A27B207F200500C43 /* JhProgressHUD.m */; };
		EDA13A2E27B207F200500C43 /* JhProgressHUD.bundle in Resources */ = {isa = PBXBuildFile; fileRef = EDA13A2C27B207F200500C43 /* JhProgressHUD.bundle */; };
		EDA13A3427B20D5D00500C43 /* JhRefreshFooter.m in Sources */ = {isa = PBXBuildFile; fileRef = EDA13A3027B20D5D00500C43 /* JhRefreshFooter.m */; };
		EDA13A3527B20D5D00500C43 /* JhRefreshHeader.m in Sources */ = {isa = PBXBuildFile; fileRef = EDA13A3127B20D5D00500C43 /* JhRefreshHeader.m */; };
		EDA13A3927B254CA00500C43 /* JhEmptyDataView.bundle in Resources */ = {isa = PBXBuildFile; fileRef = EDA13A3827B254CA00500C43 /* JhEmptyDataView.bundle */; };
		EDA19BE027F154C400801853 /* UIImage+JhDarkImage.swift in Sources */ = {isa = PBXBuildFile; fileRef = EDA19BDF27F154C400801853 /* UIImage+JhDarkImage.swift */; };
		EDA19BE227F15E8000801853 /* UIImage+JhExtension.swift in Sources */ = {isa = PBXBuildFile; fileRef = EDA19BE127F15E8000801853 /* UIImage+JhExtension.swift */; };
		EDA19BF127F2B95000801853 /* JhActionSheet.swift in Sources */ = {isa = PBXBuildFile; fileRef = EDA19BF027F2B95000801853 /* JhActionSheet.swift */; };
		EDA19BF327F2EE0800801853 /* DemoAlertVC2.swift in Sources */ = {isa = PBXBuildFile; fileRef = EDA19BF227F2EE0800801853 /* DemoAlertVC2.swift */; };
		EDA19BF527F449A300801853 /* UIView+JhView.swift in Sources */ = {isa = PBXBuildFile; fileRef = EDA19BF427F449A200801853 /* UIView+JhView.swift */; };
		EDB42AE3278525400078D703 /* JhTextListTableViewController.swift in Sources */ = {isa = PBXBuildFile; fileRef = EDB42AE2278525400078D703 /* JhTextListTableViewController.swift */; };
		EDB42AE8278526E10078D703 /* JhBaseTableViewController.swift in Sources */ = {isa = PBXBuildFile; fileRef = EDB42AE7278526E10078D703 /* JhBaseTableViewController.swift */; };
		EDB42AEA278527370078D703 /* JhBaseHeaderView.swift in Sources */ = {isa = PBXBuildFile; fileRef = EDB42AE9278527370078D703 /* JhBaseHeaderView.swift */; };
		EDB6811427BF26590033431B /* DemoCustomTableViewCell2.swift in Sources */ = {isa = PBXBuildFile; fileRef = EDB6811227BF26590033431B /* DemoCustomTableViewCell2.swift */; };
		EDB6811527BF26590033431B /* DemoCustomTableViewCell2.xib in Resources */ = {isa = PBXBuildFile; fileRef = EDB6811327BF26590033431B /* DemoCustomTableViewCell2.xib */; };
		EDC633AD277DB6B800CB82A0 /* JhConfigMacro.swift in Sources */ = {isa = PBXBuildFile; fileRef = EDC633AC277DB6B800CB82A0 /* JhConfigMacro.swift */; };
		EDC633AF277EA13C00CB82A0 /* GrammarViewController.swift in Sources */ = {isa = PBXBuildFile; fileRef = EDC633AE277EA13C00CB82A0 /* GrammarViewController.swift */; };
		EDC633B2277EA87500CB82A0 /* UIView+JhExtension.swift in Sources */ = {isa = PBXBuildFile; fileRef = EDC633B1277EA87500CB82A0 /* UIView+JhExtension.swift */; };
		EDC925A927C8C55D008AB69B /* DemoCustomTableVC5.swift in Sources */ = {isa = PBXBuildFile; fileRef = EDC925A827C8C55D008AB69B /* DemoCustomTableVC5.swift */; };
		EDDBA115278441C40005D17D /* SystemTableViewController.swift in Sources */ = {isa = PBXBuildFile; fileRef = EDDBA114278441C40005D17D /* SystemTableViewController.swift */; };
		EDDBA11827844E040005D17D /* DemoCustomTableVC1.swift in Sources */ = {isa = PBXBuildFile; fileRef = EDDBA11727844E040005D17D /* DemoCustomTableVC1.swift */; };
		EDDBA11D27844EC10005D17D /* DemoCustomTableViewCell.swift in Sources */ = {isa = PBXBuildFile; fileRef = EDDBA11B27844EC10005D17D /* DemoCustomTableViewCell.swift */; };
		EDDBA11E27844EC10005D17D /* DemoCustomTableViewCell.xib in Resources */ = {isa = PBXBuildFile; fileRef = EDDBA11C27844EC10005D17D /* DemoCustomTableViewCell.xib */; };
		EDF180AE27D9D64100BCE97F /* DemoCustomModel6.swift in Sources */ = {isa = PBXBuildFile; fileRef = EDF180AD27D9D64100BCE97F /* DemoCustomModel6.swift */; };
		EDF180B227D9D67300BCE97F /* DemoCustomTableVC6.swift in Sources */ = {isa = PBXBuildFile; fileRef = EDF180AF27D9D67300BCE97F /* DemoCustomTableVC6.swift */; };
		EDF180B327D9D67300BCE97F /* DemoCustomTableViewCell6.swift in Sources */ = {isa = PBXBuildFile; fileRef = EDF180B027D9D67300BCE97F /* DemoCustomTableViewCell6.swift */; };
		EDF180B427D9D67300BCE97F /* DemoCustomTableViewCell6.xib in Resources */ = {isa = PBXBuildFile; fileRef = EDF180B127D9D67300BCE97F /* DemoCustomTableViewCell6.xib */; };
		EDF180B627D9E63A00BCE97F /* JhJsonTool.swift in Sources */ = {isa = PBXBuildFile; fileRef = EDF180B527D9E63A00BCE97F /* JhJsonTool.swift */; };
		EDF180B827D9FD4000BCE97F /* JhJsonUtils.swift in Sources */ = {isa = PBXBuildFile; fileRef = EDF180B727D9FD4000BCE97F /* JhJsonUtils.swift */; };
		EDF180BE27DB226800BCE97F /* DemoCustomTableViewCell7.swift in Sources */ = {isa = PBXBuildFile; fileRef = EDF180BA27DB226700BCE97F /* DemoCustomTableViewCell7.swift */; };
		EDF180BF27DB226800BCE97F /* DemoCustomTableVC7.swift in Sources */ = {isa = PBXBuildFile; fileRef = EDF180BB27DB226700BCE97F /* DemoCustomTableVC7.swift */; };
		EDF180C027DB226800BCE97F /* DemoCustomTableViewCell7.xib in Resources */ = {isa = PBXBuildFile; fileRef = EDF180BC27DB226700BCE97F /* DemoCustomTableViewCell7.xib */; };
		EDF180C127DB226800BCE97F /* DemoCustomModel7.swift in Sources */ = {isa = PBXBuildFile; fileRef = EDF180BD27DB226700BCE97F /* DemoCustomModel7.swift */; };
		EDF850BE27852C770093835A /* JhBaseHeaderView.xib in Resources */ = {isa = PBXBuildFile; fileRef = EDF850BD27852C770093835A /* JhBaseHeaderView.xib */; };
		EDF850C0278535960093835A /* JhCustumCellTableViewController.swift in Sources */ = {isa = PBXBuildFile; fileRef = EDF850BF278535960093835A /* JhCustumCellTableViewController.swift */; };
		EDF850C32785418E0093835A /* DemoListViewController.swift in Sources */ = {isa = PBXBuildFile; fileRef = EDF850C22785418E0093835A /* DemoListViewController.swift */; };
		EDF850C5278545350093835A /* UIAndGrammerDemoListVC.swift in Sources */ = {isa = PBXBuildFile; fileRef = EDF850C4278545350093835A /* UIAndGrammerDemoListVC.swift */; };
		EDF850C7278576670093835A /* UIViewController+JhExtension.swift in Sources */ = {isa = PBXBuildFile; fileRef = EDF850C6278576670093835A /* UIViewController+JhExtension.swift */; };
		EDF850CB27858BC30093835A /* TableViewDemoListVC.swift in Sources */ = {isa = PBXBuildFile; fileRef = EDF850CA27858BC30093835A /* TableViewDemoListVC.swift */; };
		EDF850CE2785951D0093835A /* UITableView+JhExtension.swift in Sources */ = {isa = PBXBuildFile; fileRef = EDF850CD2785951D0093835A /* UITableView+JhExtension.swift */; };
		EDF850D027859DD10093835A /* CollectionViewDemoListVC.swift in Sources */ = {isa = PBXBuildFile; fileRef = EDF850CF27859DD10093835A /* CollectionViewDemoListVC.swift */; };
		EDF850D227859E230093835A /* DemoCollectionVC.swift in Sources */ = {isa = PBXBuildFile; fileRef = EDF850D127859E230093835A /* DemoCollectionVC.swift */; };
		EDF850D527859E470093835A /* DemoCollectionViewCell.swift in Sources */ = {isa = PBXBuildFile; fileRef = EDF850D327859E470093835A /* DemoCollectionViewCell.swift */; };
		EDF850D627859E470093835A /* DemoCollectionViewCell.xib in Resources */ = {isa = PBXBuildFile; fileRef = EDF850D427859E470093835A /* DemoCollectionViewCell.xib */; };
		EDFF232A2787E5840056898B /* DemoCustomModel.swift in Sources */ = {isa = PBXBuildFile; fileRef = EDFF23292787E5840056898B /* DemoCustomModel.swift */; };
		EDFF232C278813DD0056898B /* DemoCustomTableVC2.swift in Sources */ = {isa = PBXBuildFile; fileRef = EDFF232B278813DD0056898B /* DemoCustomTableVC2.swift */; };
/* End PBXBuildFile section */

/* Begin PBXContainerItemProxy section */
		ED3B235D277960FD009F6ED8 /* PBXContainerItemProxy */ = {
			isa = PBXContainerItemProxy;
			containerPortal = ED3B233E277960F8009F6ED8 /* Project object */;
			proxyType = 1;
			remoteGlobalIDString = ED3B2345277960F8009F6ED8;
			remoteInfo = JhSwiftDemo;
		};
		ED3B2367277960FD009F6ED8 /* PBXContainerItemProxy */ = {
			isa = PBXContainerItemProxy;
			containerPortal = ED3B233E277960F8009F6ED8 /* Project object */;
			proxyType = 1;
			remoteGlobalIDString = ED3B2345277960F8009F6ED8;
			remoteInfo = JhSwiftDemo;
		};
/* End PBXContainerItemProxy section */

/* Begin PBXFileReference section */
		165250E37E4EE7DBD95A5430 /* Pods-JhSwiftDemo.debug.xcconfig */ = {isa = PBXFileReference; includeInIndex = 1; lastKnownFileType = text.xcconfig; name = "Pods-JhSwiftDemo.debug.xcconfig"; path = "Target Support Files/Pods-JhSwiftDemo/Pods-JhSwiftDemo.debug.xcconfig"; sourceTree = "<group>"; };
		1B9B3A10E7C0F564714220A9 /* Pods_JhSwiftDemo.framework */ = {isa = PBXFileReference; explicitFileType = wrapper.framework; includeInIndex = 0; path = Pods_JhSwiftDemo.framework; sourceTree = BUILT_PRODUCTS_DIR; };
		DD080AE17C915953DD645482 /* Pods-JhSwiftDemo.release.xcconfig */ = {isa = PBXFileReference; includeInIndex = 1; lastKnownFileType = text.xcconfig; name = "Pods-JhSwiftDemo.release.xcconfig"; path = "Target Support Files/Pods-JhSwiftDemo/Pods-JhSwiftDemo.release.xcconfig"; sourceTree = "<group>"; };
		ED1A074B277C119300A7A22F /* LoginViewController.swift */ = {isa = PBXFileReference; lastKnownFileType = sourcecode.swift; path = LoginViewController.swift; sourceTree = "<group>"; };
		ED1A074D277C11B700A7A22F /* NewfeatureViewController.swift */ = {isa = PBXFileReference; lastKnownFileType = sourcecode.swift; path = NewfeatureViewController.swift; sourceTree = "<group>"; };
		ED1A074F277C11F300A7A22F /* JhCommonTool.swift */ = {isa = PBXFileReference; lastKnownFileType = sourcecode.swift; path = JhCommonTool.swift; sourceTree = "<group>"; };
		ED1A0751277C121E00A7A22F /* JhCheckTool.swift */ = {isa = PBXFileReference; lastKnownFileType = sourcecode.swift; path = JhCheckTool.swift; sourceTree = "<group>"; };
		ED1A0753277C140200A7A22F /* JhNavigationView.swift */ = {isa = PBXFileReference; lastKnownFileType = sourcecode.swift; path = JhNavigationView.swift; sourceTree = "<group>"; };
		ED1A0755277C143800A7A22F /* NSString+JhExtension.swift */ = {isa = PBXFileReference; lastKnownFileType = sourcecode.swift; path = "NSString+JhExtension.swift"; sourceTree = "<group>"; };
		ED1A0757277C2D6200A7A22F /* UIColor+JhExtension.swift */ = {isa = PBXFileReference; fileEncoding = 4; lastKnownFileType = sourcecode.swift; path = "UIColor+JhExtension.swift"; sourceTree = "<group>"; };
		ED1A0759277C36FC00A7A22F /* UIColor+JhExtension.h */ = {isa = PBXFileReference; fileEncoding = 4; lastKnownFileType = sourcecode.c.h; path = "UIColor+JhExtension.h"; sourceTree = "<group>"; };
		ED1A075A277C36FC00A7A22F /* UIColor+JhExtension.m */ = {isa = PBXFileReference; fileEncoding = 4; lastKnownFileType = sourcecode.c.objc; path = "UIColor+JhExtension.m"; sourceTree = "<group>"; };
		ED1A0761277C596700A7A22F /* YYWeakProxy.m */ = {isa = PBXFileReference; fileEncoding = 4; lastKnownFileType = sourcecode.c.objc; path = YYWeakProxy.m; sourceTree = "<group>"; };
		ED1A0762277C596700A7A22F /* YYFPSLabel.h */ = {isa = PBXFileReference; fileEncoding = 4; lastKnownFileType = sourcecode.c.h; path = YYFPSLabel.h; sourceTree = "<group>"; };
		ED1A0763277C596700A7A22F /* YYFPSLabel.m */ = {isa = PBXFileReference; fileEncoding = 4; lastKnownFileType = sourcecode.c.objc; path = YYFPSLabel.m; sourceTree = "<group>"; };
		ED1A0764277C596700A7A22F /* YYWeakProxy.h */ = {isa = PBXFileReference; fileEncoding = 4; lastKnownFileType = sourcecode.c.h; path = YYWeakProxy.h; sourceTree = "<group>"; };
		ED1B808C277AE03700E59A59 /* JhSwiftDemo-Bridging-Header.h */ = {isa = PBXFileReference; lastKnownFileType = sourcecode.c.h; path = "JhSwiftDemo-Bridging-Header.h"; sourceTree = "<group>"; };
		ED1B8093277AE9E300E59A59 /* UIView+JhExtension.h */ = {isa = PBXFileReference; fileEncoding = 4; lastKnownFileType = sourcecode.c.h; path = "UIView+JhExtension.h"; sourceTree = "<group>"; };
		ED1B8094277AE9E300E59A59 /* UIView+JhExtension.m */ = {isa = PBXFileReference; fileEncoding = 4; lastKnownFileType = sourcecode.c.objc; path = "UIView+JhExtension.m"; sourceTree = "<group>"; };
		ED1B8096277AF20F00E59A59 /* UIBarButtonItem+JhExtension.swift */ = {isa = PBXFileReference; lastKnownFileType = sourcecode.swift; path = "UIBarButtonItem+JhExtension.swift"; sourceTree = "<group>"; };
		ED1B8098277B11FC00E59A59 /* UIImage+JhExtension.h */ = {isa = PBXFileReference; fileEncoding = 4; lastKnownFileType = sourcecode.c.h; path = "UIImage+JhExtension.h"; sourceTree = "<group>"; };
		ED1B8099277B11FC00E59A59 /* UIImage+JhExtension.m */ = {isa = PBXFileReference; fileEncoding = 4; lastKnownFileType = sourcecode.c.objc; path = "UIImage+JhExtension.m"; sourceTree = "<group>"; };
		ED1DE0F627E0734800C6638C /* DemoSnapKitVC2.swift */ = {isa = PBXFileReference; fileEncoding = 4; lastKnownFileType = sourcecode.swift; path = DemoSnapKitVC2.swift; sourceTree = "<group>"; };
		ED1DE0F927E1851D00C6638C /* ConstraintArrayDSL.swift */ = {isa = PBXFileReference; fileEncoding = 4; lastKnownFileType = sourcecode.swift; path = ConstraintArrayDSL.swift; sourceTree = "<group>"; };
		ED1DE0FA27E1851D00C6638C /* ConstraintArray+Extensions.swift */ = {isa = PBXFileReference; fileEncoding = 4; lastKnownFileType = sourcecode.swift; path = "ConstraintArray+Extensions.swift"; sourceTree = "<group>"; };
		ED208FC227B1095B003EBA4B /* DemoCustomTableVC3.swift */ = {isa = PBXFileReference; fileEncoding = 4; lastKnownFileType = sourcecode.swift; path = DemoCustomTableVC3.swift; sourceTree = "<group>"; };
		ED2625D227EABBF100D54AF3 /* AlertDemoListVC.swift */ = {isa = PBXFileReference; fileEncoding = 4; lastKnownFileType = sourcecode.swift; path = AlertDemoListVC.swift; sourceTree = "<group>"; };
		ED2625D427EABC7D00D54AF3 /* DemoAlertVC1.swift */ = {isa = PBXFileReference; fileEncoding = 4; lastKnownFileType = sourcecode.swift; path = DemoAlertVC1.swift; sourceTree = "<group>"; };
		ED2625D827EAC0C600D54AF3 /* JhAlertTool.swift */ = {isa = PBXFileReference; fileEncoding = 4; lastKnownFileType = sourcecode.swift; path = JhAlertTool.swift; sourceTree = "<group>"; };
		ED2D511927B4B36F00DF4DFC /* MoyaConfig.swift */ = {isa = PBXFileReference; fileEncoding = 4; lastKnownFileType = sourcecode.swift; path = MoyaConfig.swift; sourceTree = "<group>"; };
		ED2D511D27B4B39A00DF4DFC /* MBProgressHUD+Jh.swift */ = {isa = PBXFileReference; fileEncoding = 4; lastKnownFileType = sourcecode.swift; path = "MBProgressHUD+Jh.swift"; sourceTree = "<group>"; };
		ED2D511F27B4B4B000DF4DFC /* SaveFiles.swift */ = {isa = PBXFileReference; fileEncoding = 4; lastKnownFileType = sourcecode.swift; path = SaveFiles.swift; sourceTree = "<group>"; };
		ED2D512127B4B63200DF4DFC /* JhRequet.swift */ = {isa = PBXFileReference; fileEncoding = 4; lastKnownFileType = sourcecode.swift; path = JhRequet.swift; sourceTree = "<group>"; };
		ED2D512527B4B9DF00DF4DFC /* JhHttpTool.swift */ = {isa = PBXFileReference; lastKnownFileType = sourcecode.swift; path = JhHttpTool.swift; sourceTree = "<group>"; };
		ED2D512827B4DD1200DF4DFC /* NetworkDemoListVC.swift */ = {isa = PBXFileReference; fileEncoding = 4; lastKnownFileType = sourcecode.swift; path = NetworkDemoListVC.swift; sourceTree = "<group>"; };
		ED2D512F27B4ED5B00DF4DFC /* NetworkManager.swift */ = {isa = PBXFileReference; fileEncoding = 4; lastKnownFileType = sourcecode.swift; path = NetworkManager.swift; sourceTree = "<group>"; };
		ED2D513027B4ED5B00DF4DFC /* WebAPI.swift */ = {isa = PBXFileReference; fileEncoding = 4; lastKnownFileType = sourcecode.swift; path = WebAPI.swift; sourceTree = "<group>"; };
		ED2D513927B60AD800DF4DFC /* NetworkDemo1.swift */ = {isa = PBXFileReference; fileEncoding = 4; lastKnownFileType = sourcecode.swift; path = NetworkDemo1.swift; sourceTree = "<group>"; };
		ED2D513D27B650F200DF4DFC /* netNote.md */ = {isa = PBXFileReference; fileEncoding = 4; lastKnownFileType = net.daringfireball.markdown; path = netNote.md; sourceTree = "<group>"; };
		ED3B2346277960F8009F6ED8 /* JhSwiftDemo.app */ = {isa = PBXFileReference; explicitFileType = wrapper.application; includeInIndex = 0; path = JhSwiftDemo.app; sourceTree = BUILT_PRODUCTS_DIR; };
		ED3B2349277960F8009F6ED8 /* AppDelegate.swift */ = {isa = PBXFileReference; lastKnownFileType = sourcecode.swift; path = AppDelegate.swift; sourceTree = "<group>"; };
		ED3B2352277960FD009F6ED8 /* Assets.xcassets */ = {isa = PBXFileReference; lastKnownFileType = folder.assetcatalog; path = Assets.xcassets; sourceTree = "<group>"; };
		ED3B2357277960FD009F6ED8 /* Info.plist */ = {isa = PBXFileReference; lastKnownFileType = text.plist.xml; path = Info.plist; sourceTree = "<group>"; };
		ED3B235C277960FD009F6ED8 /* JhSwiftDemoTests.xctest */ = {isa = PBXFileReference; explicitFileType = wrapper.cfbundle; includeInIndex = 0; path = JhSwiftDemoTests.xctest; sourceTree = BUILT_PRODUCTS_DIR; };
		ED3B2360277960FD009F6ED8 /* JhSwiftDemoTests.swift */ = {isa = PBXFileReference; lastKnownFileType = sourcecode.swift; path = JhSwiftDemoTests.swift; sourceTree = "<group>"; };
		ED3B2366277960FD009F6ED8 /* JhSwiftDemoUITests.xctest */ = {isa = PBXFileReference; explicitFileType = wrapper.cfbundle; includeInIndex = 0; path = JhSwiftDemoUITests.xctest; sourceTree = BUILT_PRODUCTS_DIR; };
		ED3B236A277960FD009F6ED8 /* JhSwiftDemoUITests.swift */ = {isa = PBXFileReference; lastKnownFileType = sourcecode.swift; path = JhSwiftDemoUITests.swift; sourceTree = "<group>"; };
		ED3B236C277960FD009F6ED8 /* JhSwiftDemoUITestsLaunchTests.swift */ = {isa = PBXFileReference; lastKnownFileType = sourcecode.swift; path = JhSwiftDemoUITestsLaunchTests.swift; sourceTree = "<group>"; };
		ED3B2379277965D9009F6ED8 /* test.swift */ = {isa = PBXFileReference; lastKnownFileType = sourcecode.swift; path = test.swift; sourceTree = "<group>"; };
		ED3B23BC27798D79009F6ED8 /* OneViewController.swift */ = {isa = PBXFileReference; lastKnownFileType = sourcecode.swift; path = OneViewController.swift; sourceTree = "<group>"; };
		ED3B23BE27798D86009F6ED8 /* TwoViewController.swift */ = {isa = PBXFileReference; lastKnownFileType = sourcecode.swift; path = TwoViewController.swift; sourceTree = "<group>"; };
		ED3B23C027798D8F009F6ED8 /* ThreeViewController.swift */ = {isa = PBXFileReference; lastKnownFileType = sourcecode.swift; path = ThreeViewController.swift; sourceTree = "<group>"; };
		ED3B23C227798D96009F6ED8 /* FourViewController.swift */ = {isa = PBXFileReference; lastKnownFileType = sourcecode.swift; path = FourViewController.swift; sourceTree = "<group>"; };
		ED3B23C527798E18009F6ED8 /* SystemUIViewController.swift */ = {isa = PBXFileReference; lastKnownFileType = sourcecode.swift; path = SystemUIViewController.swift; sourceTree = "<group>"; };
		ED3FFBCF27BBB17400D44614 /* DemoCustomTableVC4.swift */ = {isa = PBXFileReference; fileEncoding = 4; lastKnownFileType = sourcecode.swift; path = DemoCustomTableVC4.swift; sourceTree = "<group>"; };
		ED3FFBD127BCC47B00D44614 /* DemoCustomModel2.swift */ = {isa = PBXFileReference; lastKnownFileType = sourcecode.swift; path = DemoCustomModel2.swift; sourceTree = "<group>"; };
		ED66E90427799795004A33ED /* LaunchImage_6.png */ = {isa = PBXFileReference; lastKnownFileType = image.png; path = LaunchImage_6.png; sourceTree = "<group>"; };
		ED66E906277998DD004A33ED /* Launch Screen.storyboard */ = {isa = PBXFileReference; lastKnownFileType = file.storyboard; path = "Launch Screen.storyboard"; sourceTree = "<group>"; };
		ED66E9082779A8CA004A33ED /* JhBaseTabBarController.swift */ = {isa = PBXFileReference; lastKnownFileType = sourcecode.swift; path = JhBaseTabBarController.swift; sourceTree = "<group>"; };
		ED66E90B2779A986004A33ED /* JhBaseNavigationController.swift */ = {isa = PBXFileReference; lastKnownFileType = sourcecode.swift; path = JhBaseNavigationController.swift; sourceTree = "<group>"; };
		ED66E90E2779B9D3004A33ED /* JhConst.swift */ = {isa = PBXFileReference; lastKnownFileType = sourcecode.swift; path = JhConst.swift; sourceTree = "<group>"; };
		ED66E9102779BBBD004A33ED /* JhConfigFrameMacro.swift */ = {isa = PBXFileReference; lastKnownFileType = sourcecode.swift; path = JhConfigFrameMacro.swift; sourceTree = "<group>"; };
		ED66E9122779BBD1004A33ED /* JhConfigFontColorMacro.swift */ = {isa = PBXFileReference; lastKnownFileType = sourcecode.swift; path = JhConfigFontColorMacro.swift; sourceTree = "<group>"; };
		ED66E91A277AAC26004A33ED /* JhBaseViewController.swift */ = {isa = PBXFileReference; lastKnownFileType = sourcecode.swift; path = JhBaseViewController.swift; sourceTree = "<group>"; };
		ED66E930277AB390004A33ED /* APIManager.swift */ = {isa = PBXFileReference; lastKnownFileType = sourcecode.swift; path = APIManager.swift; sourceTree = "<group>"; };
		ED66E934277AB430004A33ED /* UserDataManager.swift */ = {isa = PBXFileReference; lastKnownFileType = sourcecode.swift; path = UserDataManager.swift; sourceTree = "<group>"; };
		ED6747EF27E029FF00CE1715 /* LibDemoListVC.swift */ = {isa = PBXFileReference; fileEncoding = 4; lastKnownFileType = sourcecode.swift; path = LibDemoListVC.swift; sourceTree = "<group>"; };
		ED6747F127E02A8D00CE1715 /* SnapKitDemoListVC.swift */ = {isa = PBXFileReference; fileEncoding = 4; lastKnownFileType = sourcecode.swift; path = SnapKitDemoListVC.swift; sourceTree = "<group>"; };
		ED6747F327E02B2A00CE1715 /* DemoSnapKitVC1.swift */ = {isa = PBXFileReference; fileEncoding = 4; lastKnownFileType = sourcecode.swift; path = DemoSnapKitVC1.swift; sourceTree = "<group>"; };
		ED95CC8A27EC467200E4B798 /* JhReachabilityTool.swift */ = {isa = PBXFileReference; lastKnownFileType = sourcecode.swift; path = JhReachabilityTool.swift; sourceTree = "<group>"; };
		ED95CC8E27EC668300E4B798 /* UIColor+JhDarkColor.swift */ = {isa = PBXFileReference; fileEncoding = 4; lastKnownFileType = sourcecode.swift; path = "UIColor+JhDarkColor.swift"; sourceTree = "<group>"; };
		ED9F6CF52788255200E90B06 /* JhBaseCollectionView.swift */ = {isa = PBXFileReference; lastKnownFileType = sourcecode.swift; path = JhBaseCollectionView.swift; sourceTree = "<group>"; };
		ED9F6CF72788257000E90B06 /* JhBaseCollectionViewController.swift */ = {isa = PBXFileReference; lastKnownFileType = sourcecode.swift; path = JhBaseCollectionViewController.swift; sourceTree = "<group>"; };
		ED9F6CF9278825A200E90B06 /* JhBaseTableView.swift */ = {isa = PBXFileReference; lastKnownFileType = sourcecode.swift; path = JhBaseTableView.swift; sourceTree = "<group>"; };
		ED9F6CFC2788262200E90B06 /* JhBaseWebViewController.swift */ = {isa = PBXFileReference; lastKnownFileType = sourcecode.swift; path = JhBaseWebViewController.swift; sourceTree = "<group>"; };
		ED9F6CFE278826B400E90B06 /* JhBaseTableViewCell.swift */ = {isa = PBXFileReference; lastKnownFileType = sourcecode.swift; path = JhBaseTableViewCell.swift; sourceTree = "<group>"; };
		ED9F6D022788275100E90B06 /* JhBaseCollectionViewCell.swift */ = {isa = PBXFileReference; lastKnownFileType = sourcecode.swift; path = JhBaseCollectionViewCell.swift; sourceTree = "<group>"; };
		ED9F6D04278840F800E90B06 /* DemoCollectionVC2.swift */ = {isa = PBXFileReference; fileEncoding = 4; lastKnownFileType = sourcecode.swift; path = DemoCollectionVC2.swift; sourceTree = "<group>"; };
		EDA13A0227B1FBA000500C43 /* AppIcon-iPad-76.png */ = {isa = PBXFileReference; lastKnownFileType = image.png; path = "AppIcon-iPad-76.png"; sourceTree = "<group>"; };
		EDA13A0327B1FBA000500C43 /* AppIcon-iPad-20@2x.png */ = {isa = PBXFileReference; lastKnownFileType = image.png; path = "AppIcon-iPad-20@2x.png"; sourceTree = "<group>"; };
		EDA13A0427B1FBA000500C43 /* AppIcon-iPad-83.5@2x.png */ = {isa = PBXFileReference; lastKnownFileType = image.png; path = "AppIcon-iPad-83.5@2x.png"; sourceTree = "<group>"; };
		EDA13A0527B1FBA000500C43 /* AppIcon-iPhone-20@2x.png */ = {isa = PBXFileReference; lastKnownFileType = image.png; path = "AppIcon-iPhone-20@2x.png"; sourceTree = "<group>"; };
		EDA13A0627B1FBA000500C43 /* AppIcon-iPhone-20@3x.png */ = {isa = PBXFileReference; lastKnownFileType = image.png; path = "AppIcon-iPhone-20@3x.png"; sourceTree = "<group>"; };
		EDA13A0727B1FBA000500C43 /* AppIcon-iPad-29.png */ = {isa = PBXFileReference; lastKnownFileType = image.png; path = "AppIcon-iPad-29.png"; sourceTree = "<group>"; };
		EDA13A0827B1FBA000500C43 /* AppIcon-iPhone-60@2x.png */ = {isa = PBXFileReference; lastKnownFileType = image.png; path = "AppIcon-iPhone-60@2x.png"; sourceTree = "<group>"; };
		EDA13A0927B1FBA000500C43 /* AppIcon-iPhone-29@3x.png */ = {isa = PBXFileReference; lastKnownFileType = image.png; path = "AppIcon-iPhone-29@3x.png"; sourceTree = "<group>"; };
		EDA13A0A27B1FBA000500C43 /* AppIcon-iPad-20.png */ = {isa = PBXFileReference; lastKnownFileType = image.png; path = "AppIcon-iPad-20.png"; sourceTree = "<group>"; };
		EDA13A0B27B1FBA000500C43 /* AppIcon-iPhone-29@2x.png */ = {isa = PBXFileReference; lastKnownFileType = image.png; path = "AppIcon-iPhone-29@2x.png"; sourceTree = "<group>"; };
		EDA13A0C27B1FBA000500C43 /* AppIcon-iPhone-60@3x.png */ = {isa = PBXFileReference; lastKnownFileType = image.png; path = "AppIcon-iPhone-60@3x.png"; sourceTree = "<group>"; };
		EDA13A0D27B1FBA000500C43 /* AppIcon-iPad-29@2x.png */ = {isa = PBXFileReference; lastKnownFileType = image.png; path = "AppIcon-iPad-29@2x.png"; sourceTree = "<group>"; };
		EDA13A0E27B1FBA000500C43 /* AppIcon-iPhone-40@3x.png */ = {isa = PBXFileReference; lastKnownFileType = image.png; path = "AppIcon-iPhone-40@3x.png"; sourceTree = "<group>"; };
		EDA13A0F27B1FBA000500C43 /* AppIcon-iPhone-29.png */ = {isa = PBXFileReference; lastKnownFileType = image.png; path = "AppIcon-iPhone-29.png"; sourceTree = "<group>"; };
		EDA13A1027B1FBA000500C43 /* AppIcon-iPad-76@2x.png */ = {isa = PBXFileReference; lastKnownFileType = image.png; path = "AppIcon-iPad-76@2x.png"; sourceTree = "<group>"; };
		EDA13A1127B1FBA000500C43 /* AppIcon-iPad-40@2x.png */ = {isa = PBXFileReference; lastKnownFileType = image.png; path = "AppIcon-iPad-40@2x.png"; sourceTree = "<group>"; };
		EDA13A1227B1FBA000500C43 /* AppIcon-AppStore-1024.png */ = {isa = PBXFileReference; lastKnownFileType = image.png; path = "AppIcon-AppStore-1024.png"; sourceTree = "<group>"; };
		EDA13A1327B1FBA000500C43 /* AppIcon-iPhone-40@2x.png */ = {isa = PBXFileReference; lastKnownFileType = image.png; path = "AppIcon-iPhone-40@2x.png"; sourceTree = "<group>"; };
		EDA13A1427B1FBA000500C43 /* AppIcon-iPad-40.png */ = {isa = PBXFileReference; lastKnownFileType = image.png; path = "AppIcon-iPad-40.png"; sourceTree = "<group>"; };
		EDA13A2A27B207F200500C43 /* JhProgressHUD.m */ = {isa = PBXFileReference; fileEncoding = 4; lastKnownFileType = sourcecode.c.objc; path = JhProgressHUD.m; sourceTree = "<group>"; };
		EDA13A2B27B207F200500C43 /* JhProgressHUD.h */ = {isa = PBXFileReference; fileEncoding = 4; lastKnownFileType = sourcecode.c.h; path = JhProgressHUD.h; sourceTree = "<group>"; };
		EDA13A2C27B207F200500C43 /* JhProgressHUD.bundle */ = {isa = PBXFileReference; lastKnownFileType = "wrapper.plug-in"; path = JhProgressHUD.bundle; sourceTree = "<group>"; };
		EDA13A3027B20D5D00500C43 /* JhRefreshFooter.m */ = {isa = PBXFileReference; fileEncoding = 4; lastKnownFileType = sourcecode.c.objc; path = JhRefreshFooter.m; sourceTree = "<group>"; };
		EDA13A3127B20D5D00500C43 /* JhRefreshHeader.m */ = {isa = PBXFileReference; fileEncoding = 4; lastKnownFileType = sourcecode.c.objc; path = JhRefreshHeader.m; sourceTree = "<group>"; };
		EDA13A3227B20D5D00500C43 /* JhRefreshHeader.h */ = {isa = PBXFileReference; fileEncoding = 4; lastKnownFileType = sourcecode.c.h; path = JhRefreshHeader.h; sourceTree = "<group>"; };
		EDA13A3327B20D5D00500C43 /* JhRefreshFooter.h */ = {isa = PBXFileReference; fileEncoding = 4; lastKnownFileType = sourcecode.c.h; path = JhRefreshFooter.h; sourceTree = "<group>"; };
		EDA13A3827B254CA00500C43 /* JhEmptyDataView.bundle */ = {isa = PBXFileReference; lastKnownFileType = "wrapper.plug-in"; path = JhEmptyDataView.bundle; sourceTree = "<group>"; };
		EDA19BDF27F154C400801853 /* UIImage+JhDarkImage.swift */ = {isa = PBXFileReference; lastKnownFileType = sourcecode.swift; path = "UIImage+JhDarkImage.swift"; sourceTree = "<group>"; };
		EDA19BE127F15E8000801853 /* UIImage+JhExtension.swift */ = {isa = PBXFileReference; fileEncoding = 4; lastKnownFileType = sourcecode.swift; path = "UIImage+JhExtension.swift"; sourceTree = "<group>"; };
		EDA19BF027F2B95000801853 /* JhActionSheet.swift */ = {isa = PBXFileReference; lastKnownFileType = sourcecode.swift; path = JhActionSheet.swift; sourceTree = "<group>"; };
		EDA19BF227F2EE0800801853 /* DemoAlertVC2.swift */ = {isa = PBXFileReference; fileEncoding = 4; lastKnownFileType = sourcecode.swift; path = DemoAlertVC2.swift; sourceTree = "<group>"; };
		EDA19BF427F449A200801853 /* UIView+JhView.swift */ = {isa = PBXFileReference; fileEncoding = 4; lastKnownFileType = sourcecode.swift; path = "UIView+JhView.swift"; sourceTree = "<group>"; };
		EDB42AE2278525400078D703 /* JhTextListTableViewController.swift */ = {isa = PBXFileReference; lastKnownFileType = sourcecode.swift; path = JhTextListTableViewController.swift; sourceTree = "<group>"; };
		EDB42AE7278526E10078D703 /* JhBaseTableViewController.swift */ = {isa = PBXFileReference; lastKnownFileType = sourcecode.swift; path = JhBaseTableViewController.swift; sourceTree = "<group>"; };
		EDB42AE9278527370078D703 /* JhBaseHeaderView.swift */ = {isa = PBXFileReference; lastKnownFileType = sourcecode.swift; path = JhBaseHeaderView.swift; sourceTree = "<group>"; };
		EDB6811227BF26590033431B /* DemoCustomTableViewCell2.swift */ = {isa = PBXFileReference; lastKnownFileType = sourcecode.swift; path = DemoCustomTableViewCell2.swift; sourceTree = "<group>"; };
		EDB6811327BF26590033431B /* DemoCustomTableViewCell2.xib */ = {isa = PBXFileReference; lastKnownFileType = file.xib; path = DemoCustomTableViewCell2.xib; sourceTree = "<group>"; };
		EDC633AC277DB6B800CB82A0 /* JhConfigMacro.swift */ = {isa = PBXFileReference; fileEncoding = 4; lastKnownFileType = sourcecode.swift; path = JhConfigMacro.swift; sourceTree = "<group>"; };
		EDC633AE277EA13C00CB82A0 /* GrammarViewController.swift */ = {isa = PBXFileReference; lastKnownFileType = sourcecode.swift; path = GrammarViewController.swift; sourceTree = "<group>"; };
		EDC633B1277EA87500CB82A0 /* UIView+JhExtension.swift */ = {isa = PBXFileReference; lastKnownFileType = sourcecode.swift; path = "UIView+JhExtension.swift"; sourceTree = "<group>"; };
		EDC925A827C8C55D008AB69B /* DemoCustomTableVC5.swift */ = {isa = PBXFileReference; fileEncoding = 4; lastKnownFileType = sourcecode.swift; path = DemoCustomTableVC5.swift; sourceTree = "<group>"; };
		EDDBA114278441C40005D17D /* SystemTableViewController.swift */ = {isa = PBXFileReference; lastKnownFileType = sourcecode.swift; path = SystemTableViewController.swift; sourceTree = "<group>"; };
		EDDBA11727844E040005D17D /* DemoCustomTableVC1.swift */ = {isa = PBXFileReference; fileEncoding = 4; lastKnownFileType = sourcecode.swift; path = DemoCustomTableVC1.swift; sourceTree = "<group>"; };
		EDDBA11B27844EC10005D17D /* DemoCustomTableViewCell.swift */ = {isa = PBXFileReference; lastKnownFileType = sourcecode.swift; path = DemoCustomTableViewCell.swift; sourceTree = "<group>"; };
		EDDBA11C27844EC10005D17D /* DemoCustomTableViewCell.xib */ = {isa = PBXFileReference; lastKnownFileType = file.xib; path = DemoCustomTableViewCell.xib; sourceTree = "<group>"; };
		EDF180AD27D9D64100BCE97F /* DemoCustomModel6.swift */ = {isa = PBXFileReference; fileEncoding = 4; lastKnownFileType = sourcecode.swift; path = DemoCustomModel6.swift; sourceTree = "<group>"; };
		EDF180AF27D9D67300BCE97F /* DemoCustomTableVC6.swift */ = {isa = PBXFileReference; fileEncoding = 4; lastKnownFileType = sourcecode.swift; path = DemoCustomTableVC6.swift; sourceTree = "<group>"; };
		EDF180B027D9D67300BCE97F /* DemoCustomTableViewCell6.swift */ = {isa = PBXFileReference; fileEncoding = 4; lastKnownFileType = sourcecode.swift; path = DemoCustomTableViewCell6.swift; sourceTree = "<group>"; };
		EDF180B127D9D67300BCE97F /* DemoCustomTableViewCell6.xib */ = {isa = PBXFileReference; fileEncoding = 4; lastKnownFileType = file.xib; path = DemoCustomTableViewCell6.xib; sourceTree = "<group>"; };
		EDF180B527D9E63A00BCE97F /* JhJsonTool.swift */ = {isa = PBXFileReference; fileEncoding = 4; lastKnownFileType = sourcecode.swift; path = JhJsonTool.swift; sourceTree = "<group>"; };
		EDF180B727D9FD4000BCE97F /* JhJsonUtils.swift */ = {isa = PBXFileReference; fileEncoding = 4; lastKnownFileType = sourcecode.swift; path = JhJsonUtils.swift; sourceTree = "<group>"; };
		EDF180BA27DB226700BCE97F /* DemoCustomTableViewCell7.swift */ = {isa = PBXFileReference; fileEncoding = 4; lastKnownFileType = sourcecode.swift; path = DemoCustomTableViewCell7.swift; sourceTree = "<group>"; };
		EDF180BB27DB226700BCE97F /* DemoCustomTableVC7.swift */ = {isa = PBXFileReference; fileEncoding = 4; lastKnownFileType = sourcecode.swift; path = DemoCustomTableVC7.swift; sourceTree = "<group>"; };
		EDF180BC27DB226700BCE97F /* DemoCustomTableViewCell7.xib */ = {isa = PBXFileReference; fileEncoding = 4; lastKnownFileType = file.xib; path = DemoCustomTableViewCell7.xib; sourceTree = "<group>"; };
		EDF180BD27DB226700BCE97F /* DemoCustomModel7.swift */ = {isa = PBXFileReference; fileEncoding = 4; lastKnownFileType = sourcecode.swift; path = DemoCustomModel7.swift; sourceTree = "<group>"; };
		EDF850BD27852C770093835A /* JhBaseHeaderView.xib */ = {isa = PBXFileReference; fileEncoding = 4; lastKnownFileType = file.xib; path = JhBaseHeaderView.xib; sourceTree = "<group>"; };
		EDF850BF278535960093835A /* JhCustumCellTableViewController.swift */ = {isa = PBXFileReference; lastKnownFileType = sourcecode.swift; path = JhCustumCellTableViewController.swift; sourceTree = "<group>"; };
		EDF850C22785418E0093835A /* DemoListViewController.swift */ = {isa = PBXFileReference; lastKnownFileType = sourcecode.swift; path = DemoListViewController.swift; sourceTree = "<group>"; };
		EDF850C4278545350093835A /* UIAndGrammerDemoListVC.swift */ = {isa = PBXFileReference; lastKnownFileType = sourcecode.swift; path = UIAndGrammerDemoListVC.swift; sourceTree = "<group>"; };
		EDF850C6278576670093835A /* UIViewController+JhExtension.swift */ = {isa = PBXFileReference; lastKnownFileType = sourcecode.swift; path = "UIViewController+JhExtension.swift"; sourceTree = "<group>"; };
		EDF850CA27858BC30093835A /* TableViewDemoListVC.swift */ = {isa = PBXFileReference; lastKnownFileType = sourcecode.swift; path = TableViewDemoListVC.swift; sourceTree = "<group>"; };
		EDF850CD2785951D0093835A /* UITableView+JhExtension.swift */ = {isa = PBXFileReference; lastKnownFileType = sourcecode.swift; path = "UITableView+JhExtension.swift"; sourceTree = "<group>"; };
		EDF850CF27859DD10093835A /* CollectionViewDemoListVC.swift */ = {isa = PBXFileReference; lastKnownFileType = sourcecode.swift; path = CollectionViewDemoListVC.swift; sourceTree = "<group>"; };
		EDF850D127859E230093835A /* DemoCollectionVC.swift */ = {isa = PBXFileReference; lastKnownFileType = sourcecode.swift; path = DemoCollectionVC.swift; sourceTree = "<group>"; };
		EDF850D327859E470093835A /* DemoCollectionViewCell.swift */ = {isa = PBXFileReference; lastKnownFileType = sourcecode.swift; path = DemoCollectionViewCell.swift; sourceTree = "<group>"; };
		EDF850D427859E470093835A /* DemoCollectionViewCell.xib */ = {isa = PBXFileReference; lastKnownFileType = file.xib; path = DemoCollectionViewCell.xib; sourceTree = "<group>"; };
		EDFF23292787E5840056898B /* DemoCustomModel.swift */ = {isa = PBXFileReference; lastKnownFileType = sourcecode.swift; path = DemoCustomModel.swift; sourceTree = "<group>"; };
		EDFF232B278813DD0056898B /* DemoCustomTableVC2.swift */ = {isa = PBXFileReference; fileEncoding = 4; lastKnownFileType = sourcecode.swift; path = DemoCustomTableVC2.swift; sourceTree = "<group>"; };
/* End PBXFileReference section */

/* Begin PBXFrameworksBuildPhase section */
		ED3B2343277960F8009F6ED8 /* Frameworks */ = {
			isa = PBXFrameworksBuildPhase;
			buildActionMask = 2147483647;
			files = (
				552728B415D9DF3C9A89CF50 /* Pods_JhSwiftDemo.framework in Frameworks */,
			);
			runOnlyForDeploymentPostprocessing = 0;
		};
		ED3B2359277960FD009F6ED8 /* Frameworks */ = {
			isa = PBXFrameworksBuildPhase;
			buildActionMask = 2147483647;
			files = (
			);
			runOnlyForDeploymentPostprocessing = 0;
		};
		ED3B2363277960FD009F6ED8 /* Frameworks */ = {
			isa = PBXFrameworksBuildPhase;
			buildActionMask = 2147483647;
			files = (
			);
			runOnlyForDeploymentPostprocessing = 0;
		};
/* End PBXFrameworksBuildPhase section */

/* Begin PBXGroup section */
		425031466B371BB6F08A831A /* Pods */ = {
			isa = PBXGroup;
			children = (
				165250E37E4EE7DBD95A5430 /* Pods-JhSwiftDemo.debug.xcconfig */,
				DD080AE17C915953DD645482 /* Pods-JhSwiftDemo.release.xcconfig */,
			);
			path = Pods;
			sourceTree = "<group>";
		};
		671B790775448574B2E5534C /* Frameworks */ = {
			isa = PBXGroup;
			children = (
				1B9B3A10E7C0F564714220A9 /* Pods_JhSwiftDemo.framework */,
			);
			name = Frameworks;
			sourceTree = "<group>";
		};
		ED1A0760277C596700A7A22F /* YYFPSLabel */ = {
			isa = PBXGroup;
			children = (
				ED1A0762277C596700A7A22F /* YYFPSLabel.h */,
				ED1A0763277C596700A7A22F /* YYFPSLabel.m */,
				ED1A0764277C596700A7A22F /* YYWeakProxy.h */,
				ED1A0761277C596700A7A22F /* YYWeakProxy.m */,
			);
			path = YYFPSLabel;
			sourceTree = "<group>";
		};
		ED1DE0F827E1850600C6638C /* SnapKit */ = {
			isa = PBXGroup;
			children = (
				ED1DE0FA27E1851D00C6638C /* ConstraintArray+Extensions.swift */,
				ED1DE0F927E1851D00C6638C /* ConstraintArrayDSL.swift */,
			);
			path = SnapKit;
			sourceTree = "<group>";
		};
		ED2625D127EABBCB00D54AF3 /* Alert */ = {
			isa = PBXGroup;
			children = (
				ED2625D227EABBF100D54AF3 /* AlertDemoListVC.swift */,
				ED2625D427EABC7D00D54AF3 /* DemoAlertVC1.swift */,
				EDA19BF227F2EE0800801853 /* DemoAlertVC2.swift */,
			);
			path = Alert;
			sourceTree = "<group>";
		};
		ED2D511C27B4B39A00DF4DFC /* Vendors */ = {
			isa = PBXGroup;
			children = (
				ED1DE0F827E1850600C6638C /* SnapKit */,
				ED2D511D27B4B39A00DF4DFC /* MBProgressHUD+Jh.swift */,
			);
			path = Vendors;
			sourceTree = "<group>";
		};
		ED2D512727B4DCBB00DF4DFC /* Network */ = {
			isa = PBXGroup;
			children = (
				ED2D513927B60AD800DF4DFC /* NetworkDemo1.swift */,
				ED2D512827B4DD1200DF4DFC /* NetworkDemoListVC.swift */,
			);
			path = Network;
			sourceTree = "<group>";
		};
		ED2D512E27B4ED5B00DF4DFC /* Network(Moya) */ = {
			isa = PBXGroup;
			children = (
				ED2D512F27B4ED5B00DF4DFC /* NetworkManager.swift */,
				ED2D513027B4ED5B00DF4DFC /* WebAPI.swift */,
			);
			path = "Network(Moya)";
			sourceTree = "<group>";
		};
		ED2D513327B5051100DF4DFC /* Moya */ = {
			isa = PBXGroup;
			children = (
				ED66E930277AB390004A33ED /* APIManager.swift */,
				ED2D512527B4B9DF00DF4DFC /* JhHttpTool.swift */,
				ED2D511927B4B36F00DF4DFC /* MoyaConfig.swift */,
			);
			path = Moya;
			sourceTree = "<group>";
		};
		ED2D513427B506B600DF4DFC /* other */ = {
			isa = PBXGroup;
			children = (
				ED2D513D27B650F200DF4DFC /* netNote.md */,
				ED2D512E27B4ED5B00DF4DFC /* Network(Moya) */,
			);
			path = other;
			sourceTree = "<group>";
		};
		ED2D513727B5144900DF4DFC /* 链式 */ = {
			isa = PBXGroup;
			children = (
				ED2D512127B4B63200DF4DFC /* JhRequet.swift */,
			);
			path = "链式";
			sourceTree = "<group>";
		};
		ED3B233D277960F8009F6ED8 = {
			isa = PBXGroup;
			children = (
				ED3B2348277960F8009F6ED8 /* JhSwiftDemo */,
				ED3B235F277960FD009F6ED8 /* JhSwiftDemoTests */,
				ED3B2369277960FD009F6ED8 /* JhSwiftDemoUITests */,
				ED3B2347277960F8009F6ED8 /* Products */,
				425031466B371BB6F08A831A /* Pods */,
				671B790775448574B2E5534C /* Frameworks */,
			);
			sourceTree = "<group>";
		};
		ED3B2347277960F8009F6ED8 /* Products */ = {
			isa = PBXGroup;
			children = (
				ED3B2346277960F8009F6ED8 /* JhSwiftDemo.app */,
				ED3B235C277960FD009F6ED8 /* JhSwiftDemoTests.xctest */,
				ED3B2366277960FD009F6ED8 /* JhSwiftDemoUITests.xctest */,
			);
			name = Products;
			sourceTree = "<group>";
		};
		ED3B2348277960F8009F6ED8 /* JhSwiftDemo */ = {
			isa = PBXGroup;
			children = (
				ED3B23B127798AAB009F6ED8 /* Classes */,
				ED3B23BB27798C77009F6ED8 /* Supporting Files */,
			);
			path = JhSwiftDemo;
			sourceTree = "<group>";
		};
		ED3B235F277960FD009F6ED8 /* JhSwiftDemoTests */ = {
			isa = PBXGroup;
			children = (
				ED3B2360277960FD009F6ED8 /* JhSwiftDemoTests.swift */,
			);
			path = JhSwiftDemoTests;
			sourceTree = "<group>";
		};
		ED3B2369277960FD009F6ED8 /* JhSwiftDemoUITests */ = {
			isa = PBXGroup;
			children = (
				ED3B236A277960FD009F6ED8 /* JhSwiftDemoUITests.swift */,
				ED3B236C277960FD009F6ED8 /* JhSwiftDemoUITestsLaunchTests.swift */,
			);
			path = JhSwiftDemoUITests;
			sourceTree = "<group>";
		};
		ED3B23B127798AAB009F6ED8 /* Classes */ = {
			isa = PBXGroup;
			children = (
				ED66E90D2779B9C1004A33ED /* Configs */,
				ED66E939277AC04E004A33ED /* Managers */,
				ED3B23B327798B41009F6ED8 /* ProjectMain */,
				ED66E915277A9F54004A33ED /* JhCommon */,
				ED66E914277A9F2B004A33ED /* Vendors */,
				ED3B23B227798B36009F6ED8 /* Other */,
				ED3B23B427798B5A009F6ED8 /* Resources */,
			);
			path = Classes;
			sourceTree = "<group>";
		};
		ED3B23B227798B36009F6ED8 /* Other */ = {
			isa = PBXGroup;
			children = (
				ED3B2349277960F8009F6ED8 /* AppDelegate.swift */,
			);
			path = Other;
			sourceTree = "<group>";
		};
		ED3B23B327798B41009F6ED8 /* ProjectMain */ = {
			isa = PBXGroup;
			children = (
				ED66E90A2779A8D1004A33ED /* Base */,
				ED3B23BA27798BBC009F6ED8 /* DemoList */,
				ED3B23B527798B7E009F6ED8 /* Login */,
				ED3B23B627798B85009F6ED8 /* Module1 */,
				ED3B23B727798B9A009F6ED8 /* Module2 */,
				ED3B23B827798BAF009F6ED8 /* Module3 */,
				ED3B23B927798BB5009F6ED8 /* Module4 */,
				ED66E936277ABD72004A33ED /* Newfeature */,
			);
			path = ProjectMain;
			sourceTree = "<group>";
		};
		ED3B23B427798B5A009F6ED8 /* Resources */ = {
			isa = PBXGroup;
			children = (
				EDA13A0127B1FBA000500C43 /* APPIcon */,
				ED3B23C427798DCA009F6ED8 /* Images */,
			);
			path = Resources;
			sourceTree = "<group>";
		};
		ED3B23B527798B7E009F6ED8 /* Login */ = {
			isa = PBXGroup;
			children = (
				ED1A074B277C119300A7A22F /* LoginViewController.swift */,
			);
			path = Login;
			sourceTree = "<group>";
		};
		ED3B23B627798B85009F6ED8 /* Module1 */ = {
			isa = PBXGroup;
			children = (
				ED3B23BC27798D79009F6ED8 /* OneViewController.swift */,
			);
			path = Module1;
			sourceTree = "<group>";
		};
		ED3B23B727798B9A009F6ED8 /* Module2 */ = {
			isa = PBXGroup;
			children = (
				ED3B23BE27798D86009F6ED8 /* TwoViewController.swift */,
			);
			path = Module2;
			sourceTree = "<group>";
		};
		ED3B23B827798BAF009F6ED8 /* Module3 */ = {
			isa = PBXGroup;
			children = (
				ED3B23C027798D8F009F6ED8 /* ThreeViewController.swift */,
			);
			path = Module3;
			sourceTree = "<group>";
		};
		ED3B23B927798BB5009F6ED8 /* Module4 */ = {
			isa = PBXGroup;
			children = (
				ED3B23C227798D96009F6ED8 /* FourViewController.swift */,
			);
			path = Module4;
			sourceTree = "<group>";
		};
		ED3B23BA27798BBC009F6ED8 /* DemoList */ = {
			isa = PBXGroup;
			children = (
				ED2625D127EABBCB00D54AF3 /* Alert */,
				ED6747ED27E029AD00CE1715 /* Lib */,
				ED2D512727B4DCBB00DF4DFC /* Network */,
				EDF850C12785416C0093835A /* SwiftUI */,
				EDDBA11627844DA80005D17D /* UI&Grammer */,
				EDF850C22785418E0093835A /* DemoListViewController.swift */,
			);
			path = DemoList;
			sourceTree = "<group>";
		};
		ED3B23BB27798C77009F6ED8 /* Supporting Files */ = {
			isa = PBXGroup;
			children = (
				ED3B2352277960FD009F6ED8 /* Assets.xcassets */,
				ED66E906277998DD004A33ED /* Launch Screen.storyboard */,
				ED3B2357277960FD009F6ED8 /* Info.plist */,
			);
			name = "Supporting Files";
			sourceTree = "<group>";
		};
		ED3B23C427798DCA009F6ED8 /* Images */ = {
			isa = PBXGroup;
			children = (
				ED66E90427799795004A33ED /* LaunchImage_6.png */,
			);
			path = Images;
			sourceTree = "<group>";
		};
		ED66E90A2779A8D1004A33ED /* Base */ = {
			isa = PBXGroup;
			children = (
				ED9F6CFB278825F800E90B06 /* Web */,
				ED9F6CF42788253A00E90B06 /* JhBaseCollectionView */,
				EDB42AE4278526B60078D703 /* JhBaseTableView */,
				ED66E9082779A8CA004A33ED /* JhBaseTabBarController.swift */,
				ED66E91A277AAC26004A33ED /* JhBaseViewController.swift */,
				ED66E90B2779A986004A33ED /* JhBaseNavigationController.swift */,
			);
			path = Base;
			sourceTree = "<group>";
		};
		ED66E90D2779B9C1004A33ED /* Configs */ = {
			isa = PBXGroup;
			children = (
				ED66E90E2779B9D3004A33ED /* JhConst.swift */,
				EDC633AC277DB6B800CB82A0 /* JhConfigMacro.swift */,
				ED66E9102779BBBD004A33ED /* JhConfigFrameMacro.swift */,
				ED66E9122779BBD1004A33ED /* JhConfigFontColorMacro.swift */,
				ED1B808C277AE03700E59A59 /* JhSwiftDemo-Bridging-Header.h */,
			);
			path = Configs;
			sourceTree = "<group>";
		};
		ED66E914277A9F2B004A33ED /* Vendors */ = {
			isa = PBXGroup;
			children = (
				ED1A0760277C596700A7A22F /* YYFPSLabel */,
			);
			path = Vendors;
			sourceTree = "<group>";
		};
		ED66E915277A9F54004A33ED /* JhCommon */ = {
			isa = PBXGroup;
			children = (
				ED66E937277ABF24004A33ED /* JhComponents */,
				ED66E917277A9FE8004A33ED /* JhCategory */,
				ED66E916277A9FBB004A33ED /* JhTools */,
			);
			path = JhCommon;
			sourceTree = "<group>";
		};
		ED66E916277A9FBB004A33ED /* JhTools */ = {
			isa = PBXGroup;
			children = (
				ED2625D827EAC0C600D54AF3 /* JhAlertTool.swift */,
				EDF180B727D9FD4000BCE97F /* JhJsonUtils.swift */,
				EDF180B527D9E63A00BCE97F /* JhJsonTool.swift */,
				ED2D511F27B4B4B000DF4DFC /* SaveFiles.swift */,
				ED1A074F277C11F300A7A22F /* JhCommonTool.swift */,
				ED1A0751277C121E00A7A22F /* JhCheckTool.swift */,
				ED95CC8A27EC467200E4B798 /* JhReachabilityTool.swift */,
			);
			path = JhTools;
			sourceTree = "<group>";
		};
		ED66E917277A9FE8004A33ED /* JhCategory */ = {
			isa = PBXGroup;
			children = (
				ED2D511C27B4B39A00DF4DFC /* Vendors */,
				EDC633B0277EA84000CB82A0 /* OC */,
				ED66E919277AA00C004A33ED /* Foundation */,
				ED66E918277AA004004A33ED /* UIKit */,
			);
			path = JhCategory;
			sourceTree = "<group>";
		};
		ED66E918277AA004004A33ED /* UIKit */ = {
			isa = PBXGroup;
			children = (
				EDA19BF427F449A200801853 /* UIView+JhView.swift */,
				ED1B8096277AF20F00E59A59 /* UIBarButtonItem+JhExtension.swift */,
				ED95CC8E27EC668300E4B798 /* UIColor+JhDarkColor.swift */,
				ED1A0757277C2D6200A7A22F /* UIColor+JhExtension.swift */,
				EDA19BDF27F154C400801853 /* UIImage+JhDarkImage.swift */,
				EDA19BE127F15E8000801853 /* UIImage+JhExtension.swift */,
				EDF850CD2785951D0093835A /* UITableView+JhExtension.swift */,
				EDC633B1277EA87500CB82A0 /* UIView+JhExtension.swift */,
				EDF850C6278576670093835A /* UIViewController+JhExtension.swift */,
			);
			path = UIKit;
			sourceTree = "<group>";
		};
		ED66E919277AA00C004A33ED /* Foundation */ = {
			isa = PBXGroup;
			children = (
				ED1A0755277C143800A7A22F /* NSString+JhExtension.swift */,
			);
			path = Foundation;
			sourceTree = "<group>";
		};
		ED66E92F277AB380004A33ED /* DataManagers */ = {
			isa = PBXGroup;
			children = (
				ED66E934277AB430004A33ED /* UserDataManager.swift */,
			);
			path = DataManagers;
			sourceTree = "<group>";
		};
		ED66E936277ABD72004A33ED /* Newfeature */ = {
			isa = PBXGroup;
			children = (
				ED1A074D277C11B700A7A22F /* NewfeatureViewController.swift */,
			);
			path = Newfeature;
			sourceTree = "<group>";
		};
		ED66E937277ABF24004A33ED /* JhComponents */ = {
			isa = PBXGroup;
			children = (
				EDA13A2827B207E300500C43 /* OC */,
				ED1A0753277C140200A7A22F /* JhNavigationView.swift */,
				EDA19BF027F2B95000801853 /* JhActionSheet.swift */,
			);
			path = JhComponents;
			sourceTree = "<group>";
		};
		ED66E938277AC005004A33ED /* HttpManagers */ = {
			isa = PBXGroup;
			children = (
				ED2D513727B5144900DF4DFC /* 链式 */,
				ED2D513327B5051100DF4DFC /* Moya */,
				ED2D513427B506B600DF4DFC /* other */,
			);
			path = HttpManagers;
			sourceTree = "<group>";
		};
		ED66E939277AC04E004A33ED /* Managers */ = {
			isa = PBXGroup;
			children = (
				ED66E92F277AB380004A33ED /* DataManagers */,
				ED66E938277AC005004A33ED /* HttpManagers */,
			);
			path = Managers;
			sourceTree = "<group>";
		};
		ED6747ED27E029AD00CE1715 /* Lib */ = {
			isa = PBXGroup;
			children = (
				ED6747EE27E029C100CE1715 /* SnapKit */,
				ED6747EF27E029FF00CE1715 /* LibDemoListVC.swift */,
			);
			path = Lib;
			sourceTree = "<group>";
		};
		ED6747EE27E029C100CE1715 /* SnapKit */ = {
			isa = PBXGroup;
			children = (
				ED1DE0F627E0734800C6638C /* DemoSnapKitVC2.swift */,
				ED6747F327E02B2A00CE1715 /* DemoSnapKitVC1.swift */,
				ED6747F127E02A8D00CE1715 /* SnapKitDemoListVC.swift */,
			);
			path = SnapKit;
			sourceTree = "<group>";
		};
		ED9F6CF42788253A00E90B06 /* JhBaseCollectionView */ = {
			isa = PBXGroup;
			children = (
				ED9F6CF52788255200E90B06 /* JhBaseCollectionView.swift */,
				ED9F6D022788275100E90B06 /* JhBaseCollectionViewCell.swift */,
				ED9F6CF72788257000E90B06 /* JhBaseCollectionViewController.swift */,
			);
			path = JhBaseCollectionView;
			sourceTree = "<group>";
		};
		ED9F6CFB278825F800E90B06 /* Web */ = {
			isa = PBXGroup;
			children = (
				ED9F6CFC2788262200E90B06 /* JhBaseWebViewController.swift */,
			);
			path = Web;
			sourceTree = "<group>";
		};
		EDA13A0127B1FBA000500C43 /* APPIcon */ = {
			isa = PBXGroup;
			children = (
				EDA13A0227B1FBA000500C43 /* AppIcon-iPad-76.png */,
				EDA13A0327B1FBA000500C43 /* AppIcon-iPad-20@2x.png */,
				EDA13A0427B1FBA000500C43 /* AppIcon-iPad-83.5@2x.png */,
				EDA13A0527B1FBA000500C43 /* AppIcon-iPhone-20@2x.png */,
				EDA13A0627B1FBA000500C43 /* AppIcon-iPhone-20@3x.png */,
				EDA13A0727B1FBA000500C43 /* AppIcon-iPad-29.png */,
				EDA13A0827B1FBA000500C43 /* AppIcon-iPhone-60@2x.png */,
				EDA13A0927B1FBA000500C43 /* AppIcon-iPhone-29@3x.png */,
				EDA13A0A27B1FBA000500C43 /* AppIcon-iPad-20.png */,
				EDA13A0B27B1FBA000500C43 /* AppIcon-iPhone-29@2x.png */,
				EDA13A0C27B1FBA000500C43 /* AppIcon-iPhone-60@3x.png */,
				EDA13A0D27B1FBA000500C43 /* AppIcon-iPad-29@2x.png */,
				EDA13A0E27B1FBA000500C43 /* AppIcon-iPhone-40@3x.png */,
				EDA13A0F27B1FBA000500C43 /* AppIcon-iPhone-29.png */,
				EDA13A1027B1FBA000500C43 /* AppIcon-iPad-76@2x.png */,
				EDA13A1127B1FBA000500C43 /* AppIcon-iPad-40@2x.png */,
				EDA13A1227B1FBA000500C43 /* AppIcon-AppStore-1024.png */,
				EDA13A1327B1FBA000500C43 /* AppIcon-iPhone-40@2x.png */,
				EDA13A1427B1FBA000500C43 /* AppIcon-iPad-40.png */,
			);
			path = APPIcon;
			sourceTree = "<group>";
		};
		EDA13A2827B207E300500C43 /* OC */ = {
			isa = PBXGroup;
			children = (
				EDA13A2F27B20D5D00500C43 /* JhRefresh */,
				EDA13A2927B207F200500C43 /* JhProgressHUD */,
			);
			path = OC;
			sourceTree = "<group>";
		};
		EDA13A2927B207F200500C43 /* JhProgressHUD */ = {
			isa = PBXGroup;
			children = (
				EDA13A2C27B207F200500C43 /* JhProgressHUD.bundle */,
				EDA13A2B27B207F200500C43 /* JhProgressHUD.h */,
				EDA13A2A27B207F200500C43 /* JhProgressHUD.m */,
			);
			path = JhProgressHUD;
			sourceTree = "<group>";
		};
		EDA13A2F27B20D5D00500C43 /* JhRefresh */ = {
			isa = PBXGroup;
			children = (
				EDA13A3327B20D5D00500C43 /* JhRefreshFooter.h */,
				EDA13A3027B20D5D00500C43 /* JhRefreshFooter.m */,
				EDA13A3227B20D5D00500C43 /* JhRefreshHeader.h */,
				EDA13A3127B20D5D00500C43 /* JhRefreshHeader.m */,
			);
			path = JhRefresh;
			sourceTree = "<group>";
		};
		EDB42AE4278526B60078D703 /* JhBaseTableView */ = {
			isa = PBXGroup;
			children = (
				EDA13A3827B254CA00500C43 /* JhEmptyDataView.bundle */,
				EDB42AE9278527370078D703 /* JhBaseHeaderView.swift */,
				EDF850BD27852C770093835A /* JhBaseHeaderView.xib */,
				ED9F6CF9278825A200E90B06 /* JhBaseTableView.swift */,
				ED9F6CFE278826B400E90B06 /* JhBaseTableViewCell.swift */,
				EDB42AE7278526E10078D703 /* JhBaseTableViewController.swift */,
				EDF850BF278535960093835A /* JhCustumCellTableViewController.swift */,
				EDB42AE2278525400078D703 /* JhTextListTableViewController.swift */,
			);
			path = JhBaseTableView;
			sourceTree = "<group>";
		};
		EDC633B0277EA84000CB82A0 /* OC */ = {
			isa = PBXGroup;
			children = (
				ED1A0759277C36FC00A7A22F /* UIColor+JhExtension.h */,
				ED1A075A277C36FC00A7A22F /* UIColor+JhExtension.m */,
				ED1B8098277B11FC00E59A59 /* UIImage+JhExtension.h */,
				ED1B8099277B11FC00E59A59 /* UIImage+JhExtension.m */,
				ED1B8093277AE9E300E59A59 /* UIView+JhExtension.h */,
				ED1B8094277AE9E300E59A59 /* UIView+JhExtension.m */,
			);
			path = OC;
			sourceTree = "<group>";
		};
		EDDBA11627844DA80005D17D /* UI&Grammer */ = {
			isa = PBXGroup;
			children = (
				EDF850CC27858C210093835A /* Other */,
				EDF850C927858AB50093835A /* CollectionView */,
				EDF850C827858AAA0093835A /* TableView */,
				EDF850C4278545350093835A /* UIAndGrammerDemoListVC.swift */,
			);
			path = "UI&Grammer";
			sourceTree = "<group>";
		};
		EDF180AC27D9D5DD00BCE97F /* HandyJSON */ = {
			isa = PBXGroup;
			children = (
				EDF180AD27D9D64100BCE97F /* DemoCustomModel6.swift */,
				EDF180AF27D9D67300BCE97F /* DemoCustomTableVC6.swift */,
				EDF180B027D9D67300BCE97F /* DemoCustomTableViewCell6.swift */,
				EDF180B127D9D67300BCE97F /* DemoCustomTableViewCell6.xib */,
			);
			path = HandyJSON;
			sourceTree = "<group>";
		};
		EDF180B927DB224A00BCE97F /* Codable */ = {
			isa = PBXGroup;
			children = (
				EDF180BD27DB226700BCE97F /* DemoCustomModel7.swift */,
				EDF180BB27DB226700BCE97F /* DemoCustomTableVC7.swift */,
				EDF180BA27DB226700BCE97F /* DemoCustomTableViewCell7.swift */,
				EDF180BC27DB226700BCE97F /* DemoCustomTableViewCell7.xib */,
			);
			path = Codable;
			sourceTree = "<group>";
		};
		EDF850C12785416C0093835A /* SwiftUI */ = {
			isa = PBXGroup;
			children = (
				ED3B2379277965D9009F6ED8 /* test.swift */,
			);
			path = SwiftUI;
			sourceTree = "<group>";
		};
		EDF850C827858AAA0093835A /* TableView */ = {
			isa = PBXGroup;
			children = (
				EDF180B927DB224A00BCE97F /* Codable */,
				EDF180AC27D9D5DD00BCE97F /* HandyJSON */,
				EDFF23292787E5840056898B /* DemoCustomModel.swift */,
				ED3FFBD127BCC47B00D44614 /* DemoCustomModel2.swift */,
				EDDBA11727844E040005D17D /* DemoCustomTableVC1.swift */,
				EDFF232B278813DD0056898B /* DemoCustomTableVC2.swift */,
				ED208FC227B1095B003EBA4B /* DemoCustomTableVC3.swift */,
				ED3FFBCF27BBB17400D44614 /* DemoCustomTableVC4.swift */,
				EDC925A827C8C55D008AB69B /* DemoCustomTableVC5.swift */,
				EDDBA11B27844EC10005D17D /* DemoCustomTableViewCell.swift */,
				EDDBA11C27844EC10005D17D /* DemoCustomTableViewCell.xib */,
				EDB6811227BF26590033431B /* DemoCustomTableViewCell2.swift */,
				EDB6811327BF26590033431B /* DemoCustomTableViewCell2.xib */,
				EDDBA114278441C40005D17D /* SystemTableViewController.swift */,
				EDF850CA27858BC30093835A /* TableViewDemoListVC.swift */,
			);
			path = TableView;
			sourceTree = "<group>";
		};
		EDF850C927858AB50093835A /* CollectionView */ = {
			isa = PBXGroup;
			children = (
				EDF850CF27859DD10093835A /* CollectionViewDemoListVC.swift */,
				EDF850D127859E230093835A /* DemoCollectionVC.swift */,
				ED9F6D04278840F800E90B06 /* DemoCollectionVC2.swift */,
				EDF850D327859E470093835A /* DemoCollectionViewCell.swift */,
				EDF850D427859E470093835A /* DemoCollectionViewCell.xib */,
			);
			path = CollectionView;
			sourceTree = "<group>";
		};
		EDF850CC27858C210093835A /* Other */ = {
			isa = PBXGroup;
			children = (
				ED3B23C527798E18009F6ED8 /* SystemUIViewController.swift */,
				EDC633AE277EA13C00CB82A0 /* GrammarViewController.swift */,
			);
			path = Other;
			sourceTree = "<group>";
		};
/* End PBXGroup section */

/* Begin PBXNativeTarget section */
		ED3B2345277960F8009F6ED8 /* JhSwiftDemo */ = {
			isa = PBXNativeTarget;
			buildConfigurationList = ED3B2370277960FD009F6ED8 /* Build configuration list for PBXNativeTarget "JhSwiftDemo" */;
			buildPhases = (
				C2682EDF39685CB87A8FB1F0 /* [CP] Check Pods Manifest.lock */,
				ED3B2342277960F8009F6ED8 /* Sources */,
				ED3B2343277960F8009F6ED8 /* Frameworks */,
				ED3B2344277960F8009F6ED8 /* Resources */,
				500B260861D06D1D94F47BA7 /* [CP] Embed Pods Frameworks */,
			);
			buildRules = (
			);
			dependencies = (
			);
			name = JhSwiftDemo;
			productName = JhSwiftDemo;
			productReference = ED3B2346277960F8009F6ED8 /* JhSwiftDemo.app */;
			productType = "com.apple.product-type.application";
		};
		ED3B235B277960FD009F6ED8 /* JhSwiftDemoTests */ = {
			isa = PBXNativeTarget;
			buildConfigurationList = ED3B2373277960FD009F6ED8 /* Build configuration list for PBXNativeTarget "JhSwiftDemoTests" */;
			buildPhases = (
				ED3B2358277960FD009F6ED8 /* Sources */,
				ED3B2359277960FD009F6ED8 /* Frameworks */,
				ED3B235A277960FD009F6ED8 /* Resources */,
			);
			buildRules = (
			);
			dependencies = (
				ED3B235E277960FD009F6ED8 /* PBXTargetDependency */,
			);
			name = JhSwiftDemoTests;
			productName = JhSwiftDemoTests;
			productReference = ED3B235C277960FD009F6ED8 /* JhSwiftDemoTests.xctest */;
			productType = "com.apple.product-type.bundle.unit-test";
		};
		ED3B2365277960FD009F6ED8 /* JhSwiftDemoUITests */ = {
			isa = PBXNativeTarget;
			buildConfigurationList = ED3B2376277960FD009F6ED8 /* Build configuration list for PBXNativeTarget "JhSwiftDemoUITests" */;
			buildPhases = (
				ED3B2362277960FD009F6ED8 /* Sources */,
				ED3B2363277960FD009F6ED8 /* Frameworks */,
				ED3B2364277960FD009F6ED8 /* Resources */,
			);
			buildRules = (
			);
			dependencies = (
				ED3B2368277960FD009F6ED8 /* PBXTargetDependency */,
			);
			name = JhSwiftDemoUITests;
			productName = JhSwiftDemoUITests;
			productReference = ED3B2366277960FD009F6ED8 /* JhSwiftDemoUITests.xctest */;
			productType = "com.apple.product-type.bundle.ui-testing";
		};
/* End PBXNativeTarget section */

/* Begin PBXProject section */
		ED3B233E277960F8009F6ED8 /* Project object */ = {
			isa = PBXProject;
			attributes = {
				BuildIndependentTargetsInParallel = 1;
				LastSwiftUpdateCheck = 1300;
				LastUpgradeCheck = 1300;
				TargetAttributes = {
					ED3B2345277960F8009F6ED8 = {
						CreatedOnToolsVersion = 13.0;
						LastSwiftMigration = 1300;
					};
					ED3B235B277960FD009F6ED8 = {
						CreatedOnToolsVersion = 13.0;
						TestTargetID = ED3B2345277960F8009F6ED8;
					};
					ED3B2365277960FD009F6ED8 = {
						CreatedOnToolsVersion = 13.0;
						TestTargetID = ED3B2345277960F8009F6ED8;
					};
				};
			};
			buildConfigurationList = ED3B2341277960F8009F6ED8 /* Build configuration list for PBXProject "JhSwiftDemo" */;
			compatibilityVersion = "Xcode 13.0";
			developmentRegion = en;
			hasScannedForEncodings = 0;
			knownRegions = (
				en,
				Base,
			);
			mainGroup = ED3B233D277960F8009F6ED8;
			productRefGroup = ED3B2347277960F8009F6ED8 /* Products */;
			projectDirPath = "";
			projectRoot = "";
			targets = (
				ED3B2345277960F8009F6ED8 /* JhSwiftDemo */,
				ED3B235B277960FD009F6ED8 /* JhSwiftDemoTests */,
				ED3B2365277960FD009F6ED8 /* JhSwiftDemoUITests */,
			);
		};
/* End PBXProject section */

/* Begin PBXResourcesBuildPhase section */
		ED3B2344277960F8009F6ED8 /* Resources */ = {
			isa = PBXResourcesBuildPhase;
			buildActionMask = 2147483647;
			files = (
				EDA13A1C27B1FBA000500C43 /* AppIcon-iPhone-29@3x.png in Resources */,
				EDA13A1F27B1FBA000500C43 /* AppIcon-iPhone-60@3x.png in Resources */,
				EDF180B427D9D67300BCE97F /* DemoCustomTableViewCell6.xib in Resources */,
				EDA13A2227B1FBA000500C43 /* AppIcon-iPhone-29.png in Resources */,
				EDA13A1727B1FBA000500C43 /* AppIcon-iPad-83.5@2x.png in Resources */,
				ED3B2353277960FD009F6ED8 /* Assets.xcassets in Resources */,
				EDF850BE27852C770093835A /* JhBaseHeaderView.xib in Resources */,
				EDA13A2E27B207F200500C43 /* JhProgressHUD.bundle in Resources */,
				EDF180C027DB226800BCE97F /* DemoCustomTableViewCell7.xib in Resources */,
				ED66E907277998DD004A33ED /* Launch Screen.storyboard in Resources */,
				EDA13A2027B1FBA000500C43 /* AppIcon-iPad-29@2x.png in Resources */,
				EDA13A2627B1FBA000500C43 /* AppIcon-iPhone-40@2x.png in Resources */,
				EDA13A1D27B1FBA000500C43 /* AppIcon-iPad-20.png in Resources */,
				EDA13A1B27B1FBA000500C43 /* AppIcon-iPhone-60@2x.png in Resources */,
				EDA13A2727B1FBA000500C43 /* AppIcon-iPad-40.png in Resources */,
				EDA13A1E27B1FBA000500C43 /* AppIcon-iPhone-29@2x.png in Resources */,
				EDA13A1927B1FBA000500C43 /* AppIcon-iPhone-20@3x.png in Resources */,
				ED66E90527799795004A33ED /* LaunchImage_6.png in Resources */,
				EDA13A3927B254CA00500C43 /* JhEmptyDataView.bundle in Resources */,
				EDDBA11E27844EC10005D17D /* DemoCustomTableViewCell.xib in Resources */,
				EDA13A2327B1FBA000500C43 /* AppIcon-iPad-76@2x.png in Resources */,
				EDF850D627859E470093835A /* DemoCollectionViewCell.xib in Resources */,
				EDB6811527BF26590033431B /* DemoCustomTableViewCell2.xib in Resources */,
				EDA13A1527B1FBA000500C43 /* AppIcon-iPad-76.png in Resources */,
				EDA13A2427B1FBA000500C43 /* AppIcon-iPad-40@2x.png in Resources */,
				EDA13A1827B1FBA000500C43 /* AppIcon-iPhone-20@2x.png in Resources */,
				EDA13A2527B1FBA000500C43 /* AppIcon-AppStore-1024.png in Resources */,
				EDA13A2127B1FBA000500C43 /* AppIcon-iPhone-40@3x.png in Resources */,
				EDA13A1627B1FBA000500C43 /* AppIcon-iPad-20@2x.png in Resources */,
				ED2D513E27B650F200DF4DFC /* netNote.md in Resources */,
				EDA13A1A27B1FBA000500C43 /* AppIcon-iPad-29.png in Resources */,
			);
			runOnlyForDeploymentPostprocessing = 0;
		};
		ED3B235A277960FD009F6ED8 /* Resources */ = {
			isa = PBXResourcesBuildPhase;
			buildActionMask = 2147483647;
			files = (
			);
			runOnlyForDeploymentPostprocessing = 0;
		};
		ED3B2364277960FD009F6ED8 /* Resources */ = {
			isa = PBXResourcesBuildPhase;
			buildActionMask = 2147483647;
			files = (
			);
			runOnlyForDeploymentPostprocessing = 0;
		};
/* End PBXResourcesBuildPhase section */

/* Begin PBXShellScriptBuildPhase section */
		500B260861D06D1D94F47BA7 /* [CP] Embed Pods Frameworks */ = {
			isa = PBXShellScriptBuildPhase;
			buildActionMask = 2147483647;
			files = (
			);
			inputFileListPaths = (
				"${PODS_ROOT}/Target Support Files/Pods-JhSwiftDemo/Pods-JhSwiftDemo-frameworks-${CONFIGURATION}-input-files.xcfilelist",
			);
			name = "[CP] Embed Pods Frameworks";
			outputFileListPaths = (
				"${PODS_ROOT}/Target Support Files/Pods-JhSwiftDemo/Pods-JhSwiftDemo-frameworks-${CONFIGURATION}-output-files.xcfilelist",
			);
			runOnlyForDeploymentPostprocessing = 0;
			shellPath = /bin/sh;
			shellScript = "\"${PODS_ROOT}/Target Support Files/Pods-JhSwiftDemo/Pods-JhSwiftDemo-frameworks.sh\"\n";
			showEnvVarsInLog = 0;
		};
		C2682EDF39685CB87A8FB1F0 /* [CP] Check Pods Manifest.lock */ = {
			isa = PBXShellScriptBuildPhase;
			buildActionMask = 2147483647;
			files = (
			);
			inputFileListPaths = (
			);
			inputPaths = (
				"${PODS_PODFILE_DIR_PATH}/Podfile.lock",
				"${PODS_ROOT}/Manifest.lock",
			);
			name = "[CP] Check Pods Manifest.lock";
			outputFileListPaths = (
			);
			outputPaths = (
				"$(DERIVED_FILE_DIR)/Pods-JhSwiftDemo-checkManifestLockResult.txt",
			);
			runOnlyForDeploymentPostprocessing = 0;
			shellPath = /bin/sh;
			shellScript = "diff \"${PODS_PODFILE_DIR_PATH}/Podfile.lock\" \"${PODS_ROOT}/Manifest.lock\" > /dev/null\nif [ $? != 0 ] ; then\n    # print error to STDERR\n    echo \"error: The sandbox is not in sync with the Podfile.lock. Run 'pod install' or update your CocoaPods installation.\" >&2\n    exit 1\nfi\n# This output is used by Xcode 'outputs' to avoid re-running this script phase.\necho \"SUCCESS\" > \"${SCRIPT_OUTPUT_FILE_0}\"\n";
			showEnvVarsInLog = 0;
		};
/* End PBXShellScriptBuildPhase section */

/* Begin PBXSourcesBuildPhase section */
		ED3B2342277960F8009F6ED8 /* Sources */ = {
			isa = PBXSourcesBuildPhase;
			buildActionMask = 2147483647;
			files = (
				EDF850C5278545350093835A /* UIAndGrammerDemoListVC.swift in Sources */,
				EDF180B327D9D67300BCE97F /* DemoCustomTableViewCell6.swift in Sources */,
				EDC925A927C8C55D008AB69B /* DemoCustomTableVC5.swift in Sources */,
				ED66E9112779BBBD004A33ED /* JhConfigFrameMacro.swift in Sources */,
				EDDBA115278441C40005D17D /* SystemTableViewController.swift in Sources */,
				ED9F6CFD2788262200E90B06 /* JhBaseWebViewController.swift in Sources */,
				ED6747F227E02A8D00CE1715 /* SnapKitDemoListVC.swift in Sources */,
				ED3B23C127798D8F009F6ED8 /* ThreeViewController.swift in Sources */,
				ED1A0754277C140200A7A22F /* JhNavigationView.swift in Sources */,
				EDF850D227859E230093835A /* DemoCollectionVC.swift in Sources */,
				ED2D511B27B4B36F00DF4DFC /* MoyaConfig.swift in Sources */,
				ED3FFBD027BBB17400D44614 /* DemoCustomTableVC4.swift in Sources */,
				ED66E9092779A8CA004A33ED /* JhBaseTabBarController.swift in Sources */,
				ED66E9132779BBD1004A33ED /* JhConfigFontColorMacro.swift in Sources */,
				ED1A0752277C121E00A7A22F /* JhCheckTool.swift in Sources */,
				EDFF232A2787E5840056898B /* DemoCustomModel.swift in Sources */,
				ED9F6CF82788257000E90B06 /* JhBaseCollectionViewController.swift in Sources */,
				EDC633B2277EA87500CB82A0 /* UIView+JhExtension.swift in Sources */,
				ED95CC8B27EC467200E4B798 /* JhReachabilityTool.swift in Sources */,
				ED3B23BD27798D79009F6ED8 /* OneViewController.swift in Sources */,
				ED1DE0FB27E1851D00C6638C /* ConstraintArrayDSL.swift in Sources */,
				ED3B23C327798D96009F6ED8 /* FourViewController.swift in Sources */,
				EDF850CE2785951D0093835A /* UITableView+JhExtension.swift in Sources */,
				EDA13A3427B20D5D00500C43 /* JhRefreshFooter.m in Sources */,
				EDF180B627D9E63A00BCE97F /* JhJsonTool.swift in Sources */,
				EDF180B827D9FD4000BCE97F /* JhJsonUtils.swift in Sources */,
				EDDBA11827844E040005D17D /* DemoCustomTableVC1.swift in Sources */,
				ED1A0765277C596700A7A22F /* YYWeakProxy.m in Sources */,
				ED208FC327B1095B003EBA4B /* DemoCustomTableVC3.swift in Sources */,
				EDF180BF27DB226800BCE97F /* DemoCustomTableVC7.swift in Sources */,
				EDF850C7278576670093835A /* UIViewController+JhExtension.swift in Sources */,
				EDA19BF527F449A300801853 /* UIView+JhView.swift in Sources */,
				EDA13A2D27B207F200500C43 /* JhProgressHUD.m in Sources */,
				ED9F6CF62788255200E90B06 /* JhBaseCollectionView.swift in Sources */,
				ED1A075B277C36FC00A7A22F /* UIColor+JhExtension.m in Sources */,
				ED9F6D032788275100E90B06 /* JhBaseCollectionViewCell.swift in Sources */,
				EDA19BF327F2EE0800801853 /* DemoAlertVC2.swift in Sources */,
				ED6747F427E02B2A00CE1715 /* DemoSnapKitVC1.swift in Sources */,
				ED66E91B277AAC26004A33ED /* JhBaseViewController.swift in Sources */,
				ED2D513A27B60AD800DF4DFC /* NetworkDemo1.swift in Sources */,
				EDF850D527859E470093835A /* DemoCollectionViewCell.swift in Sources */,
				ED3B237A277965D9009F6ED8 /* test.swift in Sources */,
				ED1A074C277C119300A7A22F /* LoginViewController.swift in Sources */,
				ED2D513227B4ED5B00DF4DFC /* WebAPI.swift in Sources */,
				EDB42AE3278525400078D703 /* JhTextListTableViewController.swift in Sources */,
				EDF850C0278535960093835A /* JhCustumCellTableViewController.swift in Sources */,
				ED3B234A277960F8009F6ED8 /* AppDelegate.swift in Sources */,
				EDC633AD277DB6B800CB82A0 /* JhConfigMacro.swift in Sources */,
				EDB42AE8278526E10078D703 /* JhBaseTableViewController.swift in Sources */,
				EDA19BE027F154C400801853 /* UIImage+JhDarkImage.swift in Sources */,
				EDF180AE27D9D64100BCE97F /* DemoCustomModel6.swift in Sources */,
				EDF180B227D9D67300BCE97F /* DemoCustomTableVC6.swift in Sources */,
				EDA13A3527B20D5D00500C43 /* JhRefreshHeader.m in Sources */,
				EDFF232C278813DD0056898B /* DemoCustomTableVC2.swift in Sources */,
				ED3B23BF27798D86009F6ED8 /* TwoViewController.swift in Sources */,
				EDF180BE27DB226800BCE97F /* DemoCustomTableViewCell7.swift in Sources */,
				ED1A0766277C596700A7A22F /* YYFPSLabel.m in Sources */,
				ED1A0758277C2D6200A7A22F /* UIColor+JhExtension.swift in Sources */,
				ED95CC8F27EC668300E4B798 /* UIColor+JhDarkColor.swift in Sources */,
				ED1DE0F727E0734800C6638C /* DemoSnapKitVC2.swift in Sources */,
				ED66E90C2779A986004A33ED /* JhBaseNavigationController.swift in Sources */,
				EDF850D027859DD10093835A /* CollectionViewDemoListVC.swift in Sources */,
				ED9F6D05278840F800E90B06 /* DemoCollectionVC2.swift in Sources */,
				ED2D512027B4B4B000DF4DFC /* SaveFiles.swift in Sources */,
				EDDBA11D27844EC10005D17D /* DemoCustomTableViewCell.swift in Sources */,
				ED2625D527EABC7D00D54AF3 /* DemoAlertVC1.swift in Sources */,
				EDA19BE227F15E8000801853 /* UIImage+JhExtension.swift in Sources */,
				EDF850C32785418E0093835A /* DemoListViewController.swift in Sources */,
				ED2D511E27B4B39A00DF4DFC /* MBProgressHUD+Jh.swift in Sources */,
				ED2D512927B4DD1200DF4DFC /* NetworkDemoListVC.swift in Sources */,
				ED6747F027E029FF00CE1715 /* LibDemoListVC.swift in Sources */,
				ED1B8095277AE9E300E59A59 /* UIView+JhExtension.m in Sources */,
				ED2D512627B4B9DF00DF4DFC /* JhHttpTool.swift in Sources */,
				ED1A0756277C143800A7A22F /* NSString+JhExtension.swift in Sources */,
				ED2D513127B4ED5B00DF4DFC /* NetworkManager.swift in Sources */,
				ED1DE0FC27E1851D00C6638C /* ConstraintArray+Extensions.swift in Sources */,
				ED2625D927EAC0C600D54AF3 /* JhAlertTool.swift in Sources */,
				ED2D512227B4B63200DF4DFC /* JhRequet.swift in Sources */,
				ED1A0750277C11F300A7A22F /* JhCommonTool.swift in Sources */,
				ED1B8097277AF20F00E59A59 /* UIBarButtonItem+JhExtension.swift in Sources */,
				ED3B23C627798E18009F6ED8 /* SystemUIViewController.swift in Sources */,
				ED1B809A277B11FC00E59A59 /* UIImage+JhExtension.m in Sources */,
				ED9F6CFA278825A200E90B06 /* JhBaseTableView.swift in Sources */,
				ED9F6CFF278826B400E90B06 /* JhBaseTableViewCell.swift in Sources */,
				ED66E931277AB390004A33ED /* APIManager.swift in Sources */,
				EDC633AF277EA13C00CB82A0 /* GrammarViewController.swift in Sources */,
				ED66E90F2779B9D3004A33ED /* JhConst.swift in Sources */,
				EDA19BF127F2B95000801853 /* JhActionSheet.swift in Sources */,
				EDF180C127DB226800BCE97F /* DemoCustomModel7.swift in Sources */,
				ED1A074E277C11B700A7A22F /* NewfeatureViewController.swift in Sources */,
				ED2625D327EABBF100D54AF3 /* AlertDemoListVC.swift in Sources */,
				EDF850CB27858BC30093835A /* TableViewDemoListVC.swift in Sources */,
				EDB6811427BF26590033431B /* DemoCustomTableViewCell2.swift in Sources */,
				ED66E935277AB430004A33ED /* UserDataManager.swift in Sources */,
				ED3FFBD227BCC47B00D44614 /* DemoCustomModel2.swift in Sources */,
				EDB42AEA278527370078D703 /* JhBaseHeaderView.swift in Sources */,
			);
			runOnlyForDeploymentPostprocessing = 0;
		};
		ED3B2358277960FD009F6ED8 /* Sources */ = {
			isa = PBXSourcesBuildPhase;
			buildActionMask = 2147483647;
			files = (
				ED3B2361277960FD009F6ED8 /* JhSwiftDemoTests.swift in Sources */,
			);
			runOnlyForDeploymentPostprocessing = 0;
		};
		ED3B2362277960FD009F6ED8 /* Sources */ = {
			isa = PBXSourcesBuildPhase;
			buildActionMask = 2147483647;
			files = (
				ED3B236B277960FD009F6ED8 /* JhSwiftDemoUITests.swift in Sources */,
				ED3B236D277960FD009F6ED8 /* JhSwiftDemoUITestsLaunchTests.swift in Sources */,
			);
			runOnlyForDeploymentPostprocessing = 0;
		};
/* End PBXSourcesBuildPhase section */

/* Begin PBXTargetDependency section */
		ED3B235E277960FD009F6ED8 /* PBXTargetDependency */ = {
			isa = PBXTargetDependency;
			target = ED3B2345277960F8009F6ED8 /* JhSwiftDemo */;
			targetProxy = ED3B235D277960FD009F6ED8 /* PBXContainerItemProxy */;
		};
		ED3B2368277960FD009F6ED8 /* PBXTargetDependency */ = {
			isa = PBXTargetDependency;
			target = ED3B2345277960F8009F6ED8 /* JhSwiftDemo */;
			targetProxy = ED3B2367277960FD009F6ED8 /* PBXContainerItemProxy */;
		};
/* End PBXTargetDependency section */

/* Begin XCBuildConfiguration section */
		ED3B236E277960FD009F6ED8 /* Debug */ = {
			isa = XCBuildConfiguration;
			buildSettings = {
				ALWAYS_SEARCH_USER_PATHS = NO;
				CLANG_ANALYZER_NONNULL = YES;
				CLANG_ANALYZER_NUMBER_OBJECT_CONVERSION = YES_AGGRESSIVE;
				CLANG_CXX_LANGUAGE_STANDARD = "gnu++17";
				CLANG_CXX_LIBRARY = "libc++";
				CLANG_ENABLE_MODULES = YES;
				CLANG_ENABLE_OBJC_ARC = YES;
				CLANG_ENABLE_OBJC_WEAK = YES;
				CLANG_WARN_BLOCK_CAPTURE_AUTORELEASING = YES;
				CLANG_WARN_BOOL_CONVERSION = YES;
				CLANG_WARN_COMMA = YES;
				CLANG_WARN_CONSTANT_CONVERSION = YES;
				CLANG_WARN_DEPRECATED_OBJC_IMPLEMENTATIONS = YES;
				CLANG_WARN_DIRECT_OBJC_ISA_USAGE = YES_ERROR;
				CLANG_WARN_DOCUMENTATION_COMMENTS = YES;
				CLANG_WARN_EMPTY_BODY = YES;
				CLANG_WARN_ENUM_CONVERSION = YES;
				CLANG_WARN_INFINITE_RECURSION = YES;
				CLANG_WARN_INT_CONVERSION = YES;
				CLANG_WARN_NON_LITERAL_NULL_CONVERSION = YES;
				CLANG_WARN_OBJC_IMPLICIT_RETAIN_SELF = YES;
				CLANG_WARN_OBJC_LITERAL_CONVERSION = YES;
				CLANG_WARN_OBJC_ROOT_CLASS = YES_ERROR;
				CLANG_WARN_QUOTED_INCLUDE_IN_FRAMEWORK_HEADER = YES;
				CLANG_WARN_RANGE_LOOP_ANALYSIS = YES;
				CLANG_WARN_STRICT_PROTOTYPES = YES;
				CLANG_WARN_SUSPICIOUS_MOVE = YES;
				CLANG_WARN_UNGUARDED_AVAILABILITY = YES_AGGRESSIVE;
				CLANG_WARN_UNREACHABLE_CODE = YES;
				CLANG_WARN__DUPLICATE_METHOD_MATCH = YES;
				COPY_PHASE_STRIP = NO;
				DEBUG_INFORMATION_FORMAT = dwarf;
				ENABLE_STRICT_OBJC_MSGSEND = YES;
				ENABLE_TESTABILITY = YES;
				GCC_C_LANGUAGE_STANDARD = gnu11;
				GCC_DYNAMIC_NO_PIC = NO;
				GCC_NO_COMMON_BLOCKS = YES;
				GCC_OPTIMIZATION_LEVEL = 0;
				GCC_PREPROCESSOR_DEFINITIONS = (
					"DEBUG=1",
					"$(inherited)",
				);
				GCC_WARN_64_TO_32_BIT_CONVERSION = YES;
				GCC_WARN_ABOUT_RETURN_TYPE = YES_ERROR;
				GCC_WARN_UNDECLARED_SELECTOR = YES;
				GCC_WARN_UNINITIALIZED_AUTOS = YES_AGGRESSIVE;
				GCC_WARN_UNUSED_FUNCTION = YES;
				GCC_WARN_UNUSED_VARIABLE = YES;
				IPHONEOS_DEPLOYMENT_TARGET = 15.0;
				MTL_ENABLE_DEBUG_INFO = INCLUDE_SOURCE;
				MTL_FAST_MATH = YES;
				ONLY_ACTIVE_ARCH = YES;
				SDKROOT = iphoneos;
				SWIFT_ACTIVE_COMPILATION_CONDITIONS = DEBUG;
				SWIFT_OPTIMIZATION_LEVEL = "-Onone";
			};
			name = Debug;
		};
		ED3B236F277960FD009F6ED8 /* Release */ = {
			isa = XCBuildConfiguration;
			buildSettings = {
				ALWAYS_SEARCH_USER_PATHS = NO;
				CLANG_ANALYZER_NONNULL = YES;
				CLANG_ANALYZER_NUMBER_OBJECT_CONVERSION = YES_AGGRESSIVE;
				CLANG_CXX_LANGUAGE_STANDARD = "gnu++17";
				CLANG_CXX_LIBRARY = "libc++";
				CLANG_ENABLE_MODULES = YES;
				CLANG_ENABLE_OBJC_ARC = YES;
				CLANG_ENABLE_OBJC_WEAK = YES;
				CLANG_WARN_BLOCK_CAPTURE_AUTORELEASING = YES;
				CLANG_WARN_BOOL_CONVERSION = YES;
				CLANG_WARN_COMMA = YES;
				CLANG_WARN_CONSTANT_CONVERSION = YES;
				CLANG_WARN_DEPRECATED_OBJC_IMPLEMENTATIONS = YES;
				CLANG_WARN_DIRECT_OBJC_ISA_USAGE = YES_ERROR;
				CLANG_WARN_DOCUMENTATION_COMMENTS = YES;
				CLANG_WARN_EMPTY_BODY = YES;
				CLANG_WARN_ENUM_CONVERSION = YES;
				CLANG_WARN_INFINITE_RECURSION = YES;
				CLANG_WARN_INT_CONVERSION = YES;
				CLANG_WARN_NON_LITERAL_NULL_CONVERSION = YES;
				CLANG_WARN_OBJC_IMPLICIT_RETAIN_SELF = YES;
				CLANG_WARN_OBJC_LITERAL_CONVERSION = YES;
				CLANG_WARN_OBJC_ROOT_CLASS = YES_ERROR;
				CLANG_WARN_QUOTED_INCLUDE_IN_FRAMEWORK_HEADER = YES;
				CLANG_WARN_RANGE_LOOP_ANALYSIS = YES;
				CLANG_WARN_STRICT_PROTOTYPES = YES;
				CLANG_WARN_SUSPICIOUS_MOVE = YES;
				CLANG_WARN_UNGUARDED_AVAILABILITY = YES_AGGRESSIVE;
				CLANG_WARN_UNREACHABLE_CODE = YES;
				CLANG_WARN__DUPLICATE_METHOD_MATCH = YES;
				COPY_PHASE_STRIP = NO;
				DEBUG_INFORMATION_FORMAT = "dwarf-with-dsym";
				ENABLE_NS_ASSERTIONS = NO;
				ENABLE_STRICT_OBJC_MSGSEND = YES;
				GCC_C_LANGUAGE_STANDARD = gnu11;
				GCC_NO_COMMON_BLOCKS = YES;
				GCC_WARN_64_TO_32_BIT_CONVERSION = YES;
				GCC_WARN_ABOUT_RETURN_TYPE = YES_ERROR;
				GCC_WARN_UNDECLARED_SELECTOR = YES;
				GCC_WARN_UNINITIALIZED_AUTOS = YES_AGGRESSIVE;
				GCC_WARN_UNUSED_FUNCTION = YES;
				GCC_WARN_UNUSED_VARIABLE = YES;
				IPHONEOS_DEPLOYMENT_TARGET = 15.0;
				MTL_ENABLE_DEBUG_INFO = NO;
				MTL_FAST_MATH = YES;
				SDKROOT = iphoneos;
				SWIFT_COMPILATION_MODE = wholemodule;
				SWIFT_OPTIMIZATION_LEVEL = "-O";
				VALIDATE_PRODUCT = YES;
			};
			name = Release;
		};
		ED3B2371277960FD009F6ED8 /* Debug */ = {
			isa = XCBuildConfiguration;
			baseConfigurationReference = 165250E37E4EE7DBD95A5430 /* Pods-JhSwiftDemo.debug.xcconfig */;
			buildSettings = {
				ASSETCATALOG_COMPILER_APPICON_NAME = AppIcon;
				ASSETCATALOG_COMPILER_GLOBAL_ACCENT_COLOR_NAME = AccentColor;
				CLANG_ENABLE_MODULES = YES;
				CODE_SIGN_STYLE = Automatic;
				CURRENT_PROJECT_VERSION = 1;
				DEVELOPMENT_TEAM = A28X2T458G;
				GENERATE_INFOPLIST_FILE = YES;
				INFOPLIST_FILE = JhSwiftDemo/Info.plist;
				INFOPLIST_KEY_UIApplicationSupportsIndirectInputEvents = YES;
				INFOPLIST_KEY_UILaunchStoryboardName = "Launch Screen";
				INFOPLIST_KEY_UISupportedInterfaceOrientations = UIInterfaceOrientationPortrait;
				INFOPLIST_KEY_UISupportedInterfaceOrientations_iPad = "UIInterfaceOrientationPortrait UIInterfaceOrientationPortraitUpsideDown UIInterfaceOrientationLandscapeLeft UIInterfaceOrientationLandscapeRight";
				INFOPLIST_KEY_UISupportedInterfaceOrientations_iPhone = "UIInterfaceOrientationPortrait UIInterfaceOrientationLandscapeLeft UIInterfaceOrientationLandscapeRight";
				IPHONEOS_DEPLOYMENT_TARGET = 12.0;
				LD_RUNPATH_SEARCH_PATHS = (
					"$(inherited)",
					"@executable_path/Frameworks",
				);
				MARKETING_VERSION = 1.0;
				PRODUCT_BUNDLE_IDENTIFIER = com.Jh.SwiftDemo;
				PRODUCT_NAME = "$(TARGET_NAME)";
				SWIFT_EMIT_LOC_STRINGS = YES;
				SWIFT_OBJC_BRIDGING_HEADER = "$(SRCROOT)/JhSwiftDemo/Classes/Configs/JhSwiftDemo-Bridging-Header.h";
				SWIFT_OPTIMIZATION_LEVEL = "-Onone";
				SWIFT_VERSION = 5.0;
				TARGETED_DEVICE_FAMILY = "1,2";
			};
			name = Debug;
		};
		ED3B2372277960FD009F6ED8 /* Release */ = {
			isa = XCBuildConfiguration;
			baseConfigurationReference = DD080AE17C915953DD645482 /* Pods-JhSwiftDemo.release.xcconfig */;
			buildSettings = {
				ASSETCATALOG_COMPILER_APPICON_NAME = AppIcon;
				ASSETCATALOG_COMPILER_GLOBAL_ACCENT_COLOR_NAME = AccentColor;
				CLANG_ENABLE_MODULES = YES;
				CODE_SIGN_STYLE = Automatic;
				CURRENT_PROJECT_VERSION = 1;
				DEVELOPMENT_TEAM = A28X2T458G;
				GENERATE_INFOPLIST_FILE = YES;
				INFOPLIST_FILE = JhSwiftDemo/Info.plist;
				INFOPLIST_KEY_UIApplicationSupportsIndirectInputEvents = YES;
				INFOPLIST_KEY_UILaunchStoryboardName = "Launch Screen";
				INFOPLIST_KEY_UISupportedInterfaceOrientations = UIInterfaceOrientationPortrait;
				INFOPLIST_KEY_UISupportedInterfaceOrientations_iPad = "UIInterfaceOrientationPortrait UIInterfaceOrientationPortraitUpsideDown UIInterfaceOrientationLandscapeLeft UIInterfaceOrientationLandscapeRight";
				INFOPLIST_KEY_UISupportedInterfaceOrientations_iPhone = "UIInterfaceOrientationPortrait UIInterfaceOrientationLandscapeLeft UIInterfaceOrientationLandscapeRight";
				IPHONEOS_DEPLOYMENT_TARGET = 12.0;
				LD_RUNPATH_SEARCH_PATHS = (
					"$(inherited)",
					"@executable_path/Frameworks",
				);
				MARKETING_VERSION = 1.0;
				PRODUCT_BUNDLE_IDENTIFIER = com.Jh.SwiftDemo;
				PRODUCT_NAME = "$(TARGET_NAME)";
				SWIFT_EMIT_LOC_STRINGS = YES;
				SWIFT_OBJC_BRIDGING_HEADER = "$(SRCROOT)/JhSwiftDemo/Classes/Configs/JhSwiftDemo-Bridging-Header.h";
				SWIFT_VERSION = 5.0;
				TARGETED_DEVICE_FAMILY = "1,2";
			};
			name = Release;
		};
		ED3B2374277960FD009F6ED8 /* Debug */ = {
			isa = XCBuildConfiguration;
			buildSettings = {
				ALWAYS_EMBED_SWIFT_STANDARD_LIBRARIES = YES;
				BUNDLE_LOADER = "$(TEST_HOST)";
				CODE_SIGN_STYLE = Automatic;
				CURRENT_PROJECT_VERSION = 1;
				GENERATE_INFOPLIST_FILE = YES;
				IPHONEOS_DEPLOYMENT_TARGET = 15.0;
				LD_RUNPATH_SEARCH_PATHS = (
					"$(inherited)",
					"@executable_path/Frameworks",
					"@loader_path/Frameworks",
				);
				MARKETING_VERSION = 1.0;
				PRODUCT_BUNDLE_IDENTIFIER = com.Jh.JhSwiftDemoTests;
				PRODUCT_NAME = "$(TARGET_NAME)";
				SWIFT_EMIT_LOC_STRINGS = NO;
				SWIFT_VERSION = 5.0;
				TARGETED_DEVICE_FAMILY = "1,2";
				TEST_HOST = "$(BUILT_PRODUCTS_DIR)/JhSwiftDemo.app/JhSwiftDemo";
			};
			name = Debug;
		};
		ED3B2375277960FD009F6ED8 /* Release */ = {
			isa = XCBuildConfiguration;
			buildSettings = {
				ALWAYS_EMBED_SWIFT_STANDARD_LIBRARIES = YES;
				BUNDLE_LOADER = "$(TEST_HOST)";
				CODE_SIGN_STYLE = Automatic;
				CURRENT_PROJECT_VERSION = 1;
				GENERATE_INFOPLIST_FILE = YES;
				IPHONEOS_DEPLOYMENT_TARGET = 15.0;
				LD_RUNPATH_SEARCH_PATHS = (
					"$(inherited)",
					"@executable_path/Frameworks",
					"@loader_path/Frameworks",
				);
				MARKETING_VERSION = 1.0;
				PRODUCT_BUNDLE_IDENTIFIER = com.Jh.JhSwiftDemoTests;
				PRODUCT_NAME = "$(TARGET_NAME)";
				SWIFT_EMIT_LOC_STRINGS = NO;
				SWIFT_VERSION = 5.0;
				TARGETED_DEVICE_FAMILY = "1,2";
				TEST_HOST = "$(BUILT_PRODUCTS_DIR)/JhSwiftDemo.app/JhSwiftDemo";
			};
			name = Release;
		};
		ED3B2377277960FD009F6ED8 /* Debug */ = {
			isa = XCBuildConfiguration;
			buildSettings = {
				ALWAYS_EMBED_SWIFT_STANDARD_LIBRARIES = YES;
				CODE_SIGN_STYLE = Automatic;
				CURRENT_PROJECT_VERSION = 1;
				GENERATE_INFOPLIST_FILE = YES;
				LD_RUNPATH_SEARCH_PATHS = (
					"$(inherited)",
					"@executable_path/Frameworks",
					"@loader_path/Frameworks",
				);
				MARKETING_VERSION = 1.0;
				PRODUCT_BUNDLE_IDENTIFIER = com.Jh.JhSwiftDemoUITests;
				PRODUCT_NAME = "$(TARGET_NAME)";
				SWIFT_EMIT_LOC_STRINGS = NO;
				SWIFT_VERSION = 5.0;
				TARGETED_DEVICE_FAMILY = "1,2";
				TEST_TARGET_NAME = JhSwiftDemo;
			};
			name = Debug;
		};
		ED3B2378277960FD009F6ED8 /* Release */ = {
			isa = XCBuildConfiguration;
			buildSettings = {
				ALWAYS_EMBED_SWIFT_STANDARD_LIBRARIES = YES;
				CODE_SIGN_STYLE = Automatic;
				CURRENT_PROJECT_VERSION = 1;
				GENERATE_INFOPLIST_FILE = YES;
				LD_RUNPATH_SEARCH_PATHS = (
					"$(inherited)",
					"@executable_path/Frameworks",
					"@loader_path/Frameworks",
				);
				MARKETING_VERSION = 1.0;
				PRODUCT_BUNDLE_IDENTIFIER = com.Jh.JhSwiftDemoUITests;
				PRODUCT_NAME = "$(TARGET_NAME)";
				SWIFT_EMIT_LOC_STRINGS = NO;
				SWIFT_VERSION = 5.0;
				TARGETED_DEVICE_FAMILY = "1,2";
				TEST_TARGET_NAME = JhSwiftDemo;
			};
			name = Release;
		};
/* End XCBuildConfiguration section */

/* Begin XCConfigurationList section */
		ED3B2341277960F8009F6ED8 /* Build configuration list for PBXProject "JhSwiftDemo" */ = {
			isa = XCConfigurationList;
			buildConfigurations = (
				ED3B236E277960FD009F6ED8 /* Debug */,
				ED3B236F277960FD009F6ED8 /* Release */,
			);
			defaultConfigurationIsVisible = 0;
			defaultConfigurationName = Release;
		};
		ED3B2370277960FD009F6ED8 /* Build configuration list for PBXNativeTarget "JhSwiftDemo" */ = {
			isa = XCConfigurationList;
			buildConfigurations = (
				ED3B2371277960FD009F6ED8 /* Debug */,
				ED3B2372277960FD009F6ED8 /* Release */,
			);
			defaultConfigurationIsVisible = 0;
			defaultConfigurationName = Release;
		};
		ED3B2373277960FD009F6ED8 /* Build configuration list for PBXNativeTarget "JhSwiftDemoTests" */ = {
			isa = XCConfigurationList;
			buildConfigurations = (
				ED3B2374277960FD009F6ED8 /* Debug */,
				ED3B2375277960FD009F6ED8 /* Release */,
			);
			defaultConfigurationIsVisible = 0;
			defaultConfigurationName = Release;
		};
		ED3B2376277960FD009F6ED8 /* Build configuration list for PBXNativeTarget "JhSwiftDemoUITests" */ = {
			isa = XCConfigurationList;
			buildConfigurations = (
				ED3B2377277960FD009F6ED8 /* Debug */,
				ED3B2378277960FD009F6ED8 /* Release */,
			);
			defaultConfigurationIsVisible = 0;
			defaultConfigurationName = Release;
		};
/* End XCConfigurationList section */
	};
	rootObject = ED3B233E277960F8009F6ED8 /* Project object */;
}
